// !$*UTF8*$!
{
	archiveVersion = 1;
	classes = {
	};
	objectVersion = 56;
	objects = {

/* Begin PBXBuildFile section */
		461C536F297278FF00A67FCA /* AppDelegate.swift in Sources */ = {isa = PBXBuildFile; fileRef = 461C536E297278FF00A67FCA /* AppDelegate.swift */; };
		461C5373297278FF00A67FCA /* PullRequestsController.swift in Sources */ = {isa = PBXBuildFile; fileRef = 461C5372297278FF00A67FCA /* PullRequestsController.swift */; };
		461C5379297278FF00A67FCA /* GithubPRs.xcdatamodeld in Sources */ = {isa = PBXBuildFile; fileRef = 461C5377297278FF00A67FCA /* GithubPRs.xcdatamodeld */; };
		461C537B2972790000A67FCA /* Assets.xcassets in Resources */ = {isa = PBXBuildFile; fileRef = 461C537A2972790000A67FCA /* Assets.xcassets */; };
		461C537E2972790000A67FCA /* LaunchScreen.storyboard in Resources */ = {isa = PBXBuildFile; fileRef = 461C537C2972790000A67FCA /* LaunchScreen.storyboard */; };
		461C53892972790000A67FCA /* GithubPRsTests.swift in Sources */ = {isa = PBXBuildFile; fileRef = 461C53882972790000A67FCA /* GithubPRsTests.swift */; };
		461C53932972790000A67FCA /* GithubPRsUITests.swift in Sources */ = {isa = PBXBuildFile; fileRef = 461C53922972790000A67FCA /* GithubPRsUITests.swift */; };
		461C53952972790000A67FCA /* GithubPRsUITestsLaunchTests.swift in Sources */ = {isa = PBXBuildFile; fileRef = 461C53942972790000A67FCA /* GithubPRsUITestsLaunchTests.swift */; };
		46DD5BBC29728D6A0066140D /* AppWireframe.swift in Sources */ = {isa = PBXBuildFile; fileRef = 46DD5BBB29728D6A0066140D /* AppWireframe.swift */; };
		46DD5BBE297290E90066140D /* TabBarWireframe.swift in Sources */ = {isa = PBXBuildFile; fileRef = 46DD5BBD297290E90066140D /* TabBarWireframe.swift */; };
		46DD5BC0297292540066140D /* PullRequestsWireframe.swift in Sources */ = {isa = PBXBuildFile; fileRef = 46DD5BBF297292540066140D /* PullRequestsWireframe.swift */; };
		46DD5BC22972964F0066140D /* PullRequestDetailWireframe.swift in Sources */ = {isa = PBXBuildFile; fileRef = 46DD5BC12972964F0066140D /* PullRequestDetailWireframe.swift */; };
		46DD5BC4297296800066140D /* PullRequestCommitsWireframe.swift in Sources */ = {isa = PBXBuildFile; fileRef = 46DD5BC3297296800066140D /* PullRequestCommitsWireframe.swift */; };
		46DD5BC62972968D0066140D /* PullRequestCommentsWireframe.swift in Sources */ = {isa = PBXBuildFile; fileRef = 46DD5BC52972968D0066140D /* PullRequestCommentsWireframe.swift */; };
		46DD5BEA2972A2530066140D /* PullRequest.swift in Sources */ = {isa = PBXBuildFile; fileRef = 46DD5BE92972A2530066140D /* PullRequest.swift */; };
		46DD5BEC2972B7710066140D /* IssueLabel.swift in Sources */ = {isa = PBXBuildFile; fileRef = 46DD5BEB2972B7710066140D /* IssueLabel.swift */; };
		46DD5BEF2972B7950066140D /* User.swift in Sources */ = {isa = PBXBuildFile; fileRef = 46DD5BEE2972B7940066140D /* User.swift */; };
		46DD5BF12972B7CB0066140D /* Respository.swift in Sources */ = {isa = PBXBuildFile; fileRef = 46DD5BF02972B7CB0066140D /* Respository.swift */; };
		46DD5BF32972B7E70066140D /* Milestone.swift in Sources */ = {isa = PBXBuildFile; fileRef = 46DD5BF22972B7E70066140D /* Milestone.swift */; };
		46DD5BF52972B7FC0066140D /* License.swift in Sources */ = {isa = PBXBuildFile; fileRef = 46DD5BF42972B7FC0066140D /* License.swift */; };
		46DD5BF72972B8380066140D /* PullRequestViewModel.swift in Sources */ = {isa = PBXBuildFile; fileRef = 46DD5BF62972B8380066140D /* PullRequestViewModel.swift */; };
		46DD5BF92972BDEA0066140D /* PullRequestState.swift in Sources */ = {isa = PBXBuildFile; fileRef = 46DD5BF82972BDEA0066140D /* PullRequestState.swift */; };
		46DD5BFB2972BDF90066140D /* UserViewModel.swift in Sources */ = {isa = PBXBuildFile; fileRef = 46DD5BFA2972BDF90066140D /* UserViewModel.swift */; };
		46DD5BFE2972C0B30066140D /* TagViewModel.swift in Sources */ = {isa = PBXBuildFile; fileRef = 46DD5BFD2972C0B30066140D /* TagViewModel.swift */; };
		46DD5C012972CB460066140D /* Request.swift in Sources */ = {isa = PBXBuildFile; fileRef = 46DD5C002972CB460066140D /* Request.swift */; };
		46DD5C032972CB6F0066140D /* URL+Extension.swift in Sources */ = {isa = PBXBuildFile; fileRef = 46DD5C022972CB6F0066140D /* URL+Extension.swift */; };
		46DD5C052972CDB30066140D /* GHError.swift in Sources */ = {isa = PBXBuildFile; fileRef = 46DD5C042972CDB30066140D /* GHError.swift */; };
		46DD5C082972CEB50066140D /* NetworkManager.swift in Sources */ = {isa = PBXBuildFile; fileRef = 46DD5C072972CEB50066140D /* NetworkManager.swift */; };
		46DD5D012972DBCF0066140D /* URLSessionProtocol.swift in Sources */ = {isa = PBXBuildFile; fileRef = 46DD5D002972DBCF0066140D /* URLSessionProtocol.swift */; };
		46DD5D042972DC1A0066140D /* NetworkingConstants.swift in Sources */ = {isa = PBXBuildFile; fileRef = 46DD5D032972DC1A0066140D /* NetworkingConstants.swift */; };
		46DD5D062972DC590066140D /* NetworkError.swift in Sources */ = {isa = PBXBuildFile; fileRef = 46DD5D052972DC590066140D /* NetworkError.swift */; };
		46DD5D092972E9D60066140D /* PullRequestsInteractor.swift in Sources */ = {isa = PBXBuildFile; fileRef = 46DD5D082972E9D60066140D /* PullRequestsInteractor.swift */; };
		46DD5D0B2972EA450066140D /* ErrorViewModel.swift in Sources */ = {isa = PBXBuildFile; fileRef = 46DD5D0A2972EA450066140D /* ErrorViewModel.swift */; };
		46DD5D0D2972EBA50066140D /* JsonDecoder.swift in Sources */ = {isa = PBXBuildFile; fileRef = 46DD5D0C2972EBA50066140D /* JsonDecoder.swift */; };
		46DD5D0F2972EFB60066140D /* UIColor+Extensions.swift in Sources */ = {isa = PBXBuildFile; fileRef = 46DD5D0E2972EFB60066140D /* UIColor+Extensions.swift */; };
		46DD5D122972F3530066140D /* PageNumber.swift in Sources */ = {isa = PBXBuildFile; fileRef = 46DD5D112972F3530066140D /* PageNumber.swift */; };
		46DD5D142972FF430066140D /* Reachability.swift in Sources */ = {isa = PBXBuildFile; fileRef = 46DD5D132972FF430066140D /* Reachability.swift */; };
		46DD5D182973069C0066140D /* Utils.swift in Sources */ = {isa = PBXBuildFile; fileRef = 46DD5D172973069C0066140D /* Utils.swift */; };
		46DED67029730E7400406D2B /* UIView+Extensions.swift in Sources */ = {isa = PBXBuildFile; fileRef = 46DED66F29730E7400406D2B /* UIView+Extensions.swift */; };
		46DED67229730E9100406D2B /* Collections+Extensions.swift in Sources */ = {isa = PBXBuildFile; fileRef = 46DED67129730E9100406D2B /* Collections+Extensions.swift */; };
		46DED67429730EB100406D2B /* UIViewControler+Extension.swift in Sources */ = {isa = PBXBuildFile; fileRef = 46DED67329730EB100406D2B /* UIViewControler+Extension.swift */; };
		46DED67629730EC400406D2B /* NiblessView.swift in Sources */ = {isa = PBXBuildFile; fileRef = 46DED67529730EC400406D2B /* NiblessView.swift */; };
		46DED67829730ED900406D2B /* NiblessViewController.swift in Sources */ = {isa = PBXBuildFile; fileRef = 46DED67729730ED900406D2B /* NiblessViewController.swift */; };
		46DED67A29730EEC00406D2B /* ViewControllerContainment.swift in Sources */ = {isa = PBXBuildFile; fileRef = 46DED67929730EEC00406D2B /* ViewControllerContainment.swift */; };
		46DED67C29730F7600406D2B /* PullRequestView.swift in Sources */ = {isa = PBXBuildFile; fileRef = 46DED67B29730F7600406D2B /* PullRequestView.swift */; };
		46DED67E29730FA800406D2B /* PullRequestPresenter.swift in Sources */ = {isa = PBXBuildFile; fileRef = 46DED67D29730FA800406D2B /* PullRequestPresenter.swift */; };
		46DED6812973104A00406D2B /* Observable.swift in Sources */ = {isa = PBXBuildFile; fileRef = 46DED6802973104A00406D2B /* Observable.swift */; };
		46DED6862973116C00406D2B /* ImageLoader.swift in Sources */ = {isa = PBXBuildFile; fileRef = 46DED6852973116C00406D2B /* ImageLoader.swift */; };
		46DED6882973117300406D2B /* UIImageLoader.swift in Sources */ = {isa = PBXBuildFile; fileRef = 46DED6872973117300406D2B /* UIImageLoader.swift */; };
/* End PBXBuildFile section */

/* Begin PBXContainerItemProxy section */
		461C53852972790000A67FCA /* PBXContainerItemProxy */ = {
			isa = PBXContainerItemProxy;
			containerPortal = 461C5363297278FF00A67FCA /* Project object */;
			proxyType = 1;
			remoteGlobalIDString = 461C536A297278FF00A67FCA;
			remoteInfo = GithubPRs;
		};
		461C538F2972790000A67FCA /* PBXContainerItemProxy */ = {
			isa = PBXContainerItemProxy;
			containerPortal = 461C5363297278FF00A67FCA /* Project object */;
			proxyType = 1;
			remoteGlobalIDString = 461C536A297278FF00A67FCA;
			remoteInfo = GithubPRs;
		};
/* End PBXContainerItemProxy section */

/* Begin PBXFileReference section */
		461C536B297278FF00A67FCA /* GithubPRs.app */ = {isa = PBXFileReference; explicitFileType = wrapper.application; includeInIndex = 0; path = GithubPRs.app; sourceTree = BUILT_PRODUCTS_DIR; };
		461C536E297278FF00A67FCA /* AppDelegate.swift */ = {isa = PBXFileReference; lastKnownFileType = sourcecode.swift; path = AppDelegate.swift; sourceTree = "<group>"; };
		461C5372297278FF00A67FCA /* PullRequestsController.swift */ = {isa = PBXFileReference; lastKnownFileType = sourcecode.swift; path = PullRequestsController.swift; sourceTree = "<group>"; };
		461C5378297278FF00A67FCA /* GithubPRs.xcdatamodel */ = {isa = PBXFileReference; lastKnownFileType = wrapper.xcdatamodel; path = GithubPRs.xcdatamodel; sourceTree = "<group>"; };
		461C537A2972790000A67FCA /* Assets.xcassets */ = {isa = PBXFileReference; lastKnownFileType = folder.assetcatalog; path = Assets.xcassets; sourceTree = "<group>"; };
		461C537D2972790000A67FCA /* Base */ = {isa = PBXFileReference; lastKnownFileType = file.storyboard; name = Base; path = Base.lproj/LaunchScreen.storyboard; sourceTree = "<group>"; };
		461C537F2972790000A67FCA /* Info.plist */ = {isa = PBXFileReference; lastKnownFileType = text.plist.xml; path = Info.plist; sourceTree = "<group>"; };
		461C53842972790000A67FCA /* GithubPRsTests.xctest */ = {isa = PBXFileReference; explicitFileType = wrapper.cfbundle; includeInIndex = 0; path = GithubPRsTests.xctest; sourceTree = BUILT_PRODUCTS_DIR; };
		461C53882972790000A67FCA /* GithubPRsTests.swift */ = {isa = PBXFileReference; lastKnownFileType = sourcecode.swift; path = GithubPRsTests.swift; sourceTree = "<group>"; };
		461C538E2972790000A67FCA /* GithubPRsUITests.xctest */ = {isa = PBXFileReference; explicitFileType = wrapper.cfbundle; includeInIndex = 0; path = GithubPRsUITests.xctest; sourceTree = BUILT_PRODUCTS_DIR; };
		461C53922972790000A67FCA /* GithubPRsUITests.swift */ = {isa = PBXFileReference; lastKnownFileType = sourcecode.swift; path = GithubPRsUITests.swift; sourceTree = "<group>"; };
		461C53942972790000A67FCA /* GithubPRsUITestsLaunchTests.swift */ = {isa = PBXFileReference; lastKnownFileType = sourcecode.swift; path = GithubPRsUITestsLaunchTests.swift; sourceTree = "<group>"; };
		46DD5BBB29728D6A0066140D /* AppWireframe.swift */ = {isa = PBXFileReference; lastKnownFileType = sourcecode.swift; path = AppWireframe.swift; sourceTree = "<group>"; };
		46DD5BBD297290E90066140D /* TabBarWireframe.swift */ = {isa = PBXFileReference; lastKnownFileType = sourcecode.swift; path = TabBarWireframe.swift; sourceTree = "<group>"; };
		46DD5BBF297292540066140D /* PullRequestsWireframe.swift */ = {isa = PBXFileReference; lastKnownFileType = sourcecode.swift; path = PullRequestsWireframe.swift; sourceTree = "<group>"; };
		46DD5BC12972964F0066140D /* PullRequestDetailWireframe.swift */ = {isa = PBXFileReference; lastKnownFileType = sourcecode.swift; path = PullRequestDetailWireframe.swift; sourceTree = "<group>"; };
		46DD5BC3297296800066140D /* PullRequestCommitsWireframe.swift */ = {isa = PBXFileReference; lastKnownFileType = sourcecode.swift; path = PullRequestCommitsWireframe.swift; sourceTree = "<group>"; };
		46DD5BC52972968D0066140D /* PullRequestCommentsWireframe.swift */ = {isa = PBXFileReference; lastKnownFileType = sourcecode.swift; path = PullRequestCommentsWireframe.swift; sourceTree = "<group>"; };
		46DD5BE92972A2530066140D /* PullRequest.swift */ = {isa = PBXFileReference; lastKnownFileType = sourcecode.swift; path = PullRequest.swift; sourceTree = "<group>"; };
		46DD5BEB2972B7710066140D /* IssueLabel.swift */ = {isa = PBXFileReference; lastKnownFileType = sourcecode.swift; path = IssueLabel.swift; sourceTree = "<group>"; };
		46DD5BEE2972B7940066140D /* User.swift */ = {isa = PBXFileReference; lastKnownFileType = sourcecode.swift; path = User.swift; sourceTree = "<group>"; };
		46DD5BF02972B7CB0066140D /* Respository.swift */ = {isa = PBXFileReference; lastKnownFileType = sourcecode.swift; path = Respository.swift; sourceTree = "<group>"; };
		46DD5BF22972B7E70066140D /* Milestone.swift */ = {isa = PBXFileReference; lastKnownFileType = sourcecode.swift; path = Milestone.swift; sourceTree = "<group>"; };
		46DD5BF42972B7FC0066140D /* License.swift */ = {isa = PBXFileReference; lastKnownFileType = sourcecode.swift; path = License.swift; sourceTree = "<group>"; };
		46DD5BF62972B8380066140D /* PullRequestViewModel.swift */ = {isa = PBXFileReference; lastKnownFileType = sourcecode.swift; path = PullRequestViewModel.swift; sourceTree = "<group>"; };
		46DD5BF82972BDEA0066140D /* PullRequestState.swift */ = {isa = PBXFileReference; lastKnownFileType = sourcecode.swift; path = PullRequestState.swift; sourceTree = "<group>"; };
		46DD5BFA2972BDF90066140D /* UserViewModel.swift */ = {isa = PBXFileReference; lastKnownFileType = sourcecode.swift; path = UserViewModel.swift; sourceTree = "<group>"; };
		46DD5BFD2972C0B30066140D /* TagViewModel.swift */ = {isa = PBXFileReference; lastKnownFileType = sourcecode.swift; path = TagViewModel.swift; sourceTree = "<group>"; };
		46DD5C002972CB460066140D /* Request.swift */ = {isa = PBXFileReference; lastKnownFileType = sourcecode.swift; path = Request.swift; sourceTree = "<group>"; };
		46DD5C022972CB6F0066140D /* URL+Extension.swift */ = {isa = PBXFileReference; lastKnownFileType = sourcecode.swift; path = "URL+Extension.swift"; sourceTree = "<group>"; };
		46DD5C042972CDB30066140D /* GHError.swift */ = {isa = PBXFileReference; lastKnownFileType = sourcecode.swift; path = GHError.swift; sourceTree = "<group>"; };
		46DD5C072972CEB50066140D /* NetworkManager.swift */ = {isa = PBXFileReference; lastKnownFileType = sourcecode.swift; path = NetworkManager.swift; sourceTree = "<group>"; };
		46DD5D002972DBCF0066140D /* URLSessionProtocol.swift */ = {isa = PBXFileReference; lastKnownFileType = sourcecode.swift; path = URLSessionProtocol.swift; sourceTree = "<group>"; };
		46DD5D032972DC1A0066140D /* NetworkingConstants.swift */ = {isa = PBXFileReference; lastKnownFileType = sourcecode.swift; path = NetworkingConstants.swift; sourceTree = "<group>"; };
		46DD5D052972DC590066140D /* NetworkError.swift */ = {isa = PBXFileReference; lastKnownFileType = sourcecode.swift; path = NetworkError.swift; sourceTree = "<group>"; };
		46DD5D082972E9D60066140D /* PullRequestsInteractor.swift */ = {isa = PBXFileReference; lastKnownFileType = sourcecode.swift; path = PullRequestsInteractor.swift; sourceTree = "<group>"; };
		46DD5D0A2972EA450066140D /* ErrorViewModel.swift */ = {isa = PBXFileReference; lastKnownFileType = sourcecode.swift; path = ErrorViewModel.swift; sourceTree = "<group>"; };
		46DD5D0C2972EBA50066140D /* JsonDecoder.swift */ = {isa = PBXFileReference; lastKnownFileType = sourcecode.swift; path = JsonDecoder.swift; sourceTree = "<group>"; };
		46DD5D0E2972EFB60066140D /* UIColor+Extensions.swift */ = {isa = PBXFileReference; lastKnownFileType = sourcecode.swift; path = "UIColor+Extensions.swift"; sourceTree = "<group>"; };
		46DD5D112972F3530066140D /* PageNumber.swift */ = {isa = PBXFileReference; lastKnownFileType = sourcecode.swift; path = PageNumber.swift; sourceTree = "<group>"; };
		46DD5D132972FF430066140D /* Reachability.swift */ = {isa = PBXFileReference; lastKnownFileType = sourcecode.swift; path = Reachability.swift; sourceTree = "<group>"; };
		46DD5D172973069C0066140D /* Utils.swift */ = {isa = PBXFileReference; lastKnownFileType = sourcecode.swift; path = Utils.swift; sourceTree = "<group>"; };
		46DED66F29730E7400406D2B /* UIView+Extensions.swift */ = {isa = PBXFileReference; lastKnownFileType = sourcecode.swift; path = "UIView+Extensions.swift"; sourceTree = "<group>"; };
		46DED67129730E9100406D2B /* Collections+Extensions.swift */ = {isa = PBXFileReference; lastKnownFileType = sourcecode.swift; path = "Collections+Extensions.swift"; sourceTree = "<group>"; };
		46DED67329730EB100406D2B /* UIViewControler+Extension.swift */ = {isa = PBXFileReference; lastKnownFileType = sourcecode.swift; path = "UIViewControler+Extension.swift"; sourceTree = "<group>"; };
		46DED67529730EC400406D2B /* NiblessView.swift */ = {isa = PBXFileReference; lastKnownFileType = sourcecode.swift; path = NiblessView.swift; sourceTree = "<group>"; };
		46DED67729730ED900406D2B /* NiblessViewController.swift */ = {isa = PBXFileReference; lastKnownFileType = sourcecode.swift; path = NiblessViewController.swift; sourceTree = "<group>"; };
		46DED67929730EEC00406D2B /* ViewControllerContainment.swift */ = {isa = PBXFileReference; lastKnownFileType = sourcecode.swift; path = ViewControllerContainment.swift; sourceTree = "<group>"; };
		46DED67B29730F7600406D2B /* PullRequestView.swift */ = {isa = PBXFileReference; lastKnownFileType = sourcecode.swift; path = PullRequestView.swift; sourceTree = "<group>"; };
		46DED67D29730FA800406D2B /* PullRequestPresenter.swift */ = {isa = PBXFileReference; lastKnownFileType = sourcecode.swift; path = PullRequestPresenter.swift; sourceTree = "<group>"; };
		46DED6802973104A00406D2B /* Observable.swift */ = {isa = PBXFileReference; lastKnownFileType = sourcecode.swift; path = Observable.swift; sourceTree = "<group>"; };
		46DED6852973116C00406D2B /* ImageLoader.swift */ = {isa = PBXFileReference; lastKnownFileType = sourcecode.swift; path = ImageLoader.swift; sourceTree = "<group>"; };
		46DED6872973117300406D2B /* UIImageLoader.swift */ = {isa = PBXFileReference; lastKnownFileType = sourcecode.swift; path = UIImageLoader.swift; sourceTree = "<group>"; };
/* End PBXFileReference section */

/* Begin PBXFrameworksBuildPhase section */
		461C5368297278FF00A67FCA /* Frameworks */ = {
			isa = PBXFrameworksBuildPhase;
			buildActionMask = 2147483647;
			files = (
			);
			runOnlyForDeploymentPostprocessing = 0;
		};
		461C53812972790000A67FCA /* Frameworks */ = {
			isa = PBXFrameworksBuildPhase;
			buildActionMask = 2147483647;
			files = (
			);
			runOnlyForDeploymentPostprocessing = 0;
		};
		461C538B2972790000A67FCA /* Frameworks */ = {
			isa = PBXFrameworksBuildPhase;
			buildActionMask = 2147483647;
			files = (
			);
			runOnlyForDeploymentPostprocessing = 0;
		};
/* End PBXFrameworksBuildPhase section */

/* Begin PBXGroup section */
		461C5362297278FF00A67FCA = {
			isa = PBXGroup;
			children = (
				461C536D297278FF00A67FCA /* GithubPRs */,
				461C53872972790000A67FCA /* GithubPRsTests */,
				461C53912972790000A67FCA /* GithubPRsUITests */,
				461C536C297278FF00A67FCA /* Products */,
			);
			sourceTree = "<group>";
		};
		461C536C297278FF00A67FCA /* Products */ = {
			isa = PBXGroup;
			children = (
				461C536B297278FF00A67FCA /* GithubPRs.app */,
				461C53842972790000A67FCA /* GithubPRsTests.xctest */,
				461C538E2972790000A67FCA /* GithubPRsUITests.xctest */,
			);
			name = Products;
			sourceTree = "<group>";
		};
		461C536D297278FF00A67FCA /* GithubPRs */ = {
			isa = PBXGroup;
			children = (
				46DD5D15297301210066140D /* App */,
				46DD5BCE297297360066140D /* Common */,
				46DD5D022972DBF10066140D /* Depedencies */,
				46DD5BC7297296D40066140D /* Modules */,
				461C5377297278FF00A67FCA /* GithubPRs.xcdatamodeld */,
			);
			path = GithubPRs;
			sourceTree = "<group>";
		};
		461C53872972790000A67FCA /* GithubPRsTests */ = {
			isa = PBXGroup;
			children = (
				461C53882972790000A67FCA /* GithubPRsTests.swift */,
			);
			path = GithubPRsTests;
			sourceTree = "<group>";
		};
		461C53912972790000A67FCA /* GithubPRsUITests */ = {
			isa = PBXGroup;
			children = (
				461C53922972790000A67FCA /* GithubPRsUITests.swift */,
				461C53942972790000A67FCA /* GithubPRsUITestsLaunchTests.swift */,
			);
			path = GithubPRsUITests;
			sourceTree = "<group>";
		};
		46DD5BC7297296D40066140D /* Modules */ = {
			isa = PBXGroup;
			children = (
				46DD5BC8297296DB0066140D /* PullRequests */,
				46DD5BC9297296EC0066140D /* PullRequestDetail */,
			);
			path = Modules;
			sourceTree = "<group>";
		};
		46DD5BC8297296DB0066140D /* PullRequests */ = {
			isa = PBXGroup;
			children = (
				46DD5BD5297298180066140D /* ViewModel */,
				46DD5BD4297297D70066140D /* Wireframe */,
				46DD5BD3297297CE0066140D /* Interactor */,
				46DD5BD2297297C70066140D /* Presenter */,
				46DD5BD1297297BF0066140D /* Entity */,
				46DD5BD0297297BA0066140D /* View */,
			);
			path = PullRequests;
			sourceTree = "<group>";
		};
		46DD5BC9297296EC0066140D /* PullRequestDetail */ = {
			isa = PBXGroup;
			children = (
				46DD5BE3297299280066140D /* View */,
				46DD5BE42972992D0066140D /* Interactor */,
				46DD5BE5297299440066140D /* Presenter */,
				46DD5BE62972994D0066140D /* Entity */,
				46DD5BE2297299180066140D /* Wireframe */,
				46DD5BE7297299570066140D /* ViewModel */,
				46DD5BE8297299AC0066140D /* Submodules */,
			);
			path = PullRequestDetail;
			sourceTree = "<group>";
		};
		46DD5BCC297297180066140D /* PullRequestComments */ = {
			isa = PBXGroup;
			children = (
				46DD5BD92972988A0066140D /* View */,
				46DD5BDB297298A40066140D /* Interactor */,
				46DD5BDA297298910066140D /* Presenter */,
				46DD5BD8297298840066140D /* Entity */,
				46DD5BD6297298760066140D /* Wireframe */,
				46DD5BD72972987D0066140D /* ViewModel */,
			);
			path = PullRequestComments;
			sourceTree = "<group>";
		};
		46DD5BCD297297240066140D /* PullRequestCommits */ = {
			isa = PBXGroup;
			children = (
				46DD5BDE297298D30066140D /* View */,
				46DD5BDC297298C90066140D /* Interactor */,
				46DD5BDD297298CE0066140D /* Presenter */,
				46DD5BE0297298DC0066140D /* Entity */,
				46DD5BE1297298E10066140D /* Wireframe */,
				46DD5BDF297298D70066140D /* ViewModel */,
			);
			path = PullRequestCommits;
			sourceTree = "<group>";
		};
		46DD5BCE297297360066140D /* Common */ = {
			isa = PBXGroup;
			children = (
				46DED6842973116400406D2B /* Image */,
				46DED67F2973102400406D2B /* Utility */,
				46DD5D162973014D0066140D /* API */,
				46DD5D102972EFBB0066140D /* Extensions */,
			);
			path = Common;
			sourceTree = "<group>";
		};
		46DD5BCF2972973C0066140D /* Wireframes */ = {
			isa = PBXGroup;
			children = (
				46DD5BBB29728D6A0066140D /* AppWireframe.swift */,
				46DD5BBD297290E90066140D /* TabBarWireframe.swift */,
			);
			path = Wireframes;
			sourceTree = "<group>";
		};
		46DD5BD0297297BA0066140D /* View */ = {
			isa = PBXGroup;
			children = (
				461C5372297278FF00A67FCA /* PullRequestsController.swift */,
				46DED67B29730F7600406D2B /* PullRequestView.swift */,
			);
			path = View;
			sourceTree = "<group>";
		};
		46DD5BD1297297BF0066140D /* Entity */ = {
			isa = PBXGroup;
			children = (
				46DD5BEE2972B7940066140D /* User.swift */,
				46DD5BE92972A2530066140D /* PullRequest.swift */,
				46DD5BEB2972B7710066140D /* IssueLabel.swift */,
				46DD5BF02972B7CB0066140D /* Respository.swift */,
				46DD5BF22972B7E70066140D /* Milestone.swift */,
				46DD5BF42972B7FC0066140D /* License.swift */,
			);
			path = Entity;
			sourceTree = "<group>";
		};
		46DD5BD2297297C70066140D /* Presenter */ = {
			isa = PBXGroup;
			children = (
				46DED67D29730FA800406D2B /* PullRequestPresenter.swift */,
			);
			path = Presenter;
			sourceTree = "<group>";
		};
		46DD5BD3297297CE0066140D /* Interactor */ = {
			isa = PBXGroup;
			children = (
				46DD5D082972E9D60066140D /* PullRequestsInteractor.swift */,
			);
			path = Interactor;
			sourceTree = "<group>";
		};
		46DD5BD4297297D70066140D /* Wireframe */ = {
			isa = PBXGroup;
			children = (
				46DD5BBF297292540066140D /* PullRequestsWireframe.swift */,
			);
			path = Wireframe;
			sourceTree = "<group>";
		};
		46DD5BD5297298180066140D /* ViewModel */ = {
			isa = PBXGroup;
			children = (
				46DD5BF62972B8380066140D /* PullRequestViewModel.swift */,
				46DD5BF82972BDEA0066140D /* PullRequestState.swift */,
				46DD5BFA2972BDF90066140D /* UserViewModel.swift */,
				46DD5BFD2972C0B30066140D /* TagViewModel.swift */,
			);
			path = ViewModel;
			sourceTree = "<group>";
		};
		46DD5BD6297298760066140D /* Wireframe */ = {
			isa = PBXGroup;
			children = (
				46DD5BC52972968D0066140D /* PullRequestCommentsWireframe.swift */,
			);
			path = Wireframe;
			sourceTree = "<group>";
		};
		46DD5BD72972987D0066140D /* ViewModel */ = {
			isa = PBXGroup;
			children = (
			);
			path = ViewModel;
			sourceTree = "<group>";
		};
		46DD5BD8297298840066140D /* Entity */ = {
			isa = PBXGroup;
			children = (
			);
			path = Entity;
			sourceTree = "<group>";
		};
		46DD5BD92972988A0066140D /* View */ = {
			isa = PBXGroup;
			children = (
			);
			path = View;
			sourceTree = "<group>";
		};
		46DD5BDA297298910066140D /* Presenter */ = {
			isa = PBXGroup;
			children = (
			);
			path = Presenter;
			sourceTree = "<group>";
		};
		46DD5BDB297298A40066140D /* Interactor */ = {
			isa = PBXGroup;
			children = (
			);
			path = Interactor;
			sourceTree = "<group>";
		};
		46DD5BDC297298C90066140D /* Interactor */ = {
			isa = PBXGroup;
			children = (
			);
			path = Interactor;
			sourceTree = "<group>";
		};
		46DD5BDD297298CE0066140D /* Presenter */ = {
			isa = PBXGroup;
			children = (
			);
			path = Presenter;
			sourceTree = "<group>";
		};
		46DD5BDE297298D30066140D /* View */ = {
			isa = PBXGroup;
			children = (
			);
			path = View;
			sourceTree = "<group>";
		};
		46DD5BDF297298D70066140D /* ViewModel */ = {
			isa = PBXGroup;
			children = (
			);
			path = ViewModel;
			sourceTree = "<group>";
		};
		46DD5BE0297298DC0066140D /* Entity */ = {
			isa = PBXGroup;
			children = (
			);
			path = Entity;
			sourceTree = "<group>";
		};
		46DD5BE1297298E10066140D /* Wireframe */ = {
			isa = PBXGroup;
			children = (
				46DD5BC3297296800066140D /* PullRequestCommitsWireframe.swift */,
			);
			path = Wireframe;
			sourceTree = "<group>";
		};
		46DD5BE2297299180066140D /* Wireframe */ = {
			isa = PBXGroup;
			children = (
				46DD5BC12972964F0066140D /* PullRequestDetailWireframe.swift */,
			);
			path = Wireframe;
			sourceTree = "<group>";
		};
		46DD5BE3297299280066140D /* View */ = {
			isa = PBXGroup;
			children = (
			);
			path = View;
			sourceTree = "<group>";
		};
		46DD5BE42972992D0066140D /* Interactor */ = {
			isa = PBXGroup;
			children = (
			);
			path = Interactor;
			sourceTree = "<group>";
		};
		46DD5BE5297299440066140D /* Presenter */ = {
			isa = PBXGroup;
			children = (
			);
			path = Presenter;
			sourceTree = "<group>";
		};
		46DD5BE62972994D0066140D /* Entity */ = {
			isa = PBXGroup;
			children = (
			);
			path = Entity;
			sourceTree = "<group>";
		};
		46DD5BE7297299570066140D /* ViewModel */ = {
			isa = PBXGroup;
			children = (
			);
			path = ViewModel;
			sourceTree = "<group>";
		};
		46DD5BE8297299AC0066140D /* Submodules */ = {
			isa = PBXGroup;
			children = (
				46DD5BCC297297180066140D /* PullRequestComments */,
				46DD5BCD297297240066140D /* PullRequestCommits */,
			);
			path = Submodules;
			sourceTree = "<group>";
		};
		46DD5C062972CE900066140D /* Networking */ = {
			isa = PBXGroup;
			children = (
				46DD5D072972DCED0066140D /* Request */,
				46DD5CFF2972DBBD0066140D /* Protocols */,
				46DD5C072972CEB50066140D /* NetworkManager.swift */,
				46DD5D032972DC1A0066140D /* NetworkingConstants.swift */,
				46DD5D052972DC590066140D /* NetworkError.swift */,
				46DD5D132972FF430066140D /* Reachability.swift */,
			);
			path = Networking;
			sourceTree = "<group>";
		};
		46DD5CFF2972DBBD0066140D /* Protocols */ = {
			isa = PBXGroup;
			children = (
				46DD5D002972DBCF0066140D /* URLSessionProtocol.swift */,
			);
			path = Protocols;
			sourceTree = "<group>";
		};
		46DD5D022972DBF10066140D /* Depedencies */ = {
			isa = PBXGroup;
			children = (
				46DD5C062972CE900066140D /* Networking */,
			);
			path = Depedencies;
			sourceTree = "<group>";
		};
		46DD5D072972DCED0066140D /* Request */ = {
			isa = PBXGroup;
			children = (
				46DD5C022972CB6F0066140D /* URL+Extension.swift */,
				46DD5C002972CB460066140D /* Request.swift */,
			);
			path = Request;
			sourceTree = "<group>";
		};
		46DD5D102972EFBB0066140D /* Extensions */ = {
			isa = PBXGroup;
			children = (
				46DD5D0E2972EFB60066140D /* UIColor+Extensions.swift */,
				46DED66F29730E7400406D2B /* UIView+Extensions.swift */,
				46DED67129730E9100406D2B /* Collections+Extensions.swift */,
				46DED67329730EB100406D2B /* UIViewControler+Extension.swift */,
			);
			path = Extensions;
			sourceTree = "<group>";
		};
		46DD5D15297301210066140D /* App */ = {
			isa = PBXGroup;
			children = (
				46DD5BCF2972973C0066140D /* Wireframes */,
				461C537A2972790000A67FCA /* Assets.xcassets */,
				461C537C2972790000A67FCA /* LaunchScreen.storyboard */,
				461C537F2972790000A67FCA /* Info.plist */,
				461C536E297278FF00A67FCA /* AppDelegate.swift */,
			);
			path = App;
			sourceTree = "<group>";
		};
		46DD5D162973014D0066140D /* API */ = {
			isa = PBXGroup;
			children = (
				46DD5C042972CDB30066140D /* GHError.swift */,
				46DD5D0A2972EA450066140D /* ErrorViewModel.swift */,
				46DD5D0C2972EBA50066140D /* JsonDecoder.swift */,
				46DD5D112972F3530066140D /* PageNumber.swift */,
			);
			path = API;
			sourceTree = "<group>";
		};
		46DED67F2973102400406D2B /* Utility */ = {
			isa = PBXGroup;
			children = (
				46DED67529730EC400406D2B /* NiblessView.swift */,
				46DED67729730ED900406D2B /* NiblessViewController.swift */,
				46DED67929730EEC00406D2B /* ViewControllerContainment.swift */,
				46DD5D172973069C0066140D /* Utils.swift */,
				46DED6802973104A00406D2B /* Observable.swift */,
			);
			path = Utility;
			sourceTree = "<group>";
		};
		46DED6842973116400406D2B /* Image */ = {
			isa = PBXGroup;
			children = (
				46DED6852973116C00406D2B /* ImageLoader.swift */,
				46DED6872973117300406D2B /* UIImageLoader.swift */,
			);
			path = Image;
			sourceTree = "<group>";
		};
/* End PBXGroup section */

/* Begin PBXNativeTarget section */
		461C536A297278FF00A67FCA /* GithubPRs */ = {
			isa = PBXNativeTarget;
			buildConfigurationList = 461C53982972790000A67FCA /* Build configuration list for PBXNativeTarget "GithubPRs" */;
			buildPhases = (
				461C5367297278FF00A67FCA /* Sources */,
				461C5368297278FF00A67FCA /* Frameworks */,
				461C5369297278FF00A67FCA /* Resources */,
			);
			buildRules = (
			);
			dependencies = (
			);
			name = GithubPRs;
			productName = GithubPRs;
			productReference = 461C536B297278FF00A67FCA /* GithubPRs.app */;
			productType = "com.apple.product-type.application";
		};
		461C53832972790000A67FCA /* GithubPRsTests */ = {
			isa = PBXNativeTarget;
			buildConfigurationList = 461C539B2972790000A67FCA /* Build configuration list for PBXNativeTarget "GithubPRsTests" */;
			buildPhases = (
				461C53802972790000A67FCA /* Sources */,
				461C53812972790000A67FCA /* Frameworks */,
				461C53822972790000A67FCA /* Resources */,
			);
			buildRules = (
			);
			dependencies = (
				461C53862972790000A67FCA /* PBXTargetDependency */,
			);
			name = GithubPRsTests;
			productName = GithubPRsTests;
			productReference = 461C53842972790000A67FCA /* GithubPRsTests.xctest */;
			productType = "com.apple.product-type.bundle.unit-test";
		};
		461C538D2972790000A67FCA /* GithubPRsUITests */ = {
			isa = PBXNativeTarget;
			buildConfigurationList = 461C539E2972790000A67FCA /* Build configuration list for PBXNativeTarget "GithubPRsUITests" */;
			buildPhases = (
				461C538A2972790000A67FCA /* Sources */,
				461C538B2972790000A67FCA /* Frameworks */,
				461C538C2972790000A67FCA /* Resources */,
			);
			buildRules = (
			);
			dependencies = (
				461C53902972790000A67FCA /* PBXTargetDependency */,
			);
			name = GithubPRsUITests;
			productName = GithubPRsUITests;
			productReference = 461C538E2972790000A67FCA /* GithubPRsUITests.xctest */;
			productType = "com.apple.product-type.bundle.ui-testing";
		};
/* End PBXNativeTarget section */

/* Begin PBXProject section */
		461C5363297278FF00A67FCA /* Project object */ = {
			isa = PBXProject;
			attributes = {
				BuildIndependentTargetsInParallel = 1;
				LastSwiftUpdateCheck = 1400;
				LastUpgradeCheck = 1400;
				TargetAttributes = {
					461C536A297278FF00A67FCA = {
						CreatedOnToolsVersion = 14.0.1;
					};
					461C53832972790000A67FCA = {
						CreatedOnToolsVersion = 14.0.1;
						TestTargetID = 461C536A297278FF00A67FCA;
					};
					461C538D2972790000A67FCA = {
						CreatedOnToolsVersion = 14.0.1;
						TestTargetID = 461C536A297278FF00A67FCA;
					};
				};
			};
			buildConfigurationList = 461C5366297278FF00A67FCA /* Build configuration list for PBXProject "GithubPRs" */;
			compatibilityVersion = "Xcode 14.0";
			developmentRegion = en;
			hasScannedForEncodings = 0;
			knownRegions = (
				en,
				Base,
			);
			mainGroup = 461C5362297278FF00A67FCA;
			productRefGroup = 461C536C297278FF00A67FCA /* Products */;
			projectDirPath = "";
			projectRoot = "";
			targets = (
				461C536A297278FF00A67FCA /* GithubPRs */,
				461C53832972790000A67FCA /* GithubPRsTests */,
				461C538D2972790000A67FCA /* GithubPRsUITests */,
			);
		};
/* End PBXProject section */

/* Begin PBXResourcesBuildPhase section */
		461C5369297278FF00A67FCA /* Resources */ = {
			isa = PBXResourcesBuildPhase;
			buildActionMask = 2147483647;
			files = (
				461C537E2972790000A67FCA /* LaunchScreen.storyboard in Resources */,
				461C537B2972790000A67FCA /* Assets.xcassets in Resources */,
			);
			runOnlyForDeploymentPostprocessing = 0;
		};
		461C53822972790000A67FCA /* Resources */ = {
			isa = PBXResourcesBuildPhase;
			buildActionMask = 2147483647;
			files = (
			);
			runOnlyForDeploymentPostprocessing = 0;
		};
		461C538C2972790000A67FCA /* Resources */ = {
			isa = PBXResourcesBuildPhase;
			buildActionMask = 2147483647;
			files = (
			);
			runOnlyForDeploymentPostprocessing = 0;
		};
/* End PBXResourcesBuildPhase section */

/* Begin PBXSourcesBuildPhase section */
		461C5367297278FF00A67FCA /* Sources */ = {
			isa = PBXSourcesBuildPhase;
			buildActionMask = 2147483647;
			files = (
				46DD5C082972CEB50066140D /* NetworkManager.swift in Sources */,
				46DD5D0F2972EFB60066140D /* UIColor+Extensions.swift in Sources */,
				46DD5BC62972968D0066140D /* PullRequestCommentsWireframe.swift in Sources */,
				46DD5BC4297296800066140D /* PullRequestCommitsWireframe.swift in Sources */,
				46DD5BF52972B7FC0066140D /* License.swift in Sources */,
				46DD5D092972E9D60066140D /* PullRequestsInteractor.swift in Sources */,
				46DED67029730E7400406D2B /* UIView+Extensions.swift in Sources */,
				46DD5BBC29728D6A0066140D /* AppWireframe.swift in Sources */,
				461C5373297278FF00A67FCA /* PullRequestsController.swift in Sources */,
				46DED67229730E9100406D2B /* Collections+Extensions.swift in Sources */,
				46DED6812973104A00406D2B /* Observable.swift in Sources */,
				46DD5C032972CB6F0066140D /* URL+Extension.swift in Sources */,
				46DD5BF12972B7CB0066140D /* Respository.swift in Sources */,
				46DD5D0B2972EA450066140D /* ErrorViewModel.swift in Sources */,
				46DD5D122972F3530066140D /* PageNumber.swift in Sources */,
				46DD5BC22972964F0066140D /* PullRequestDetailWireframe.swift in Sources */,
				46DD5D0D2972EBA50066140D /* JsonDecoder.swift in Sources */,
				46DD5BFB2972BDF90066140D /* UserViewModel.swift in Sources */,
				46DED67C29730F7600406D2B /* PullRequestView.swift in Sources */,
				46DD5BF72972B8380066140D /* PullRequestViewModel.swift in Sources */,
				46DD5BF32972B7E70066140D /* Milestone.swift in Sources */,
				46DED67829730ED900406D2B /* NiblessViewController.swift in Sources */,
				46DD5D012972DBCF0066140D /* URLSessionProtocol.swift in Sources */,
				46DED67629730EC400406D2B /* NiblessView.swift in Sources */,
				46DD5BEC2972B7710066140D /* IssueLabel.swift in Sources */,
				46DED67E29730FA800406D2B /* PullRequestPresenter.swift in Sources */,
				46DD5BF92972BDEA0066140D /* PullRequestState.swift in Sources */,
				46DD5BEA2972A2530066140D /* PullRequest.swift in Sources */,
				46DED6862973116C00406D2B /* ImageLoader.swift in Sources */,
				461C536F297278FF00A67FCA /* AppDelegate.swift in Sources */,
				46DD5BEF2972B7950066140D /* User.swift in Sources */,
				461C5379297278FF00A67FCA /* GithubPRs.xcdatamodeld in Sources */,
				46DD5BBE297290E90066140D /* TabBarWireframe.swift in Sources */,
				46DD5C012972CB460066140D /* Request.swift in Sources */,
				46DD5D042972DC1A0066140D /* NetworkingConstants.swift in Sources */,
				46DD5BC0297292540066140D /* PullRequestsWireframe.swift in Sources */,
				46DD5D142972FF430066140D /* Reachability.swift in Sources */,
				46DD5D182973069C0066140D /* Utils.swift in Sources */,
				46DED6882973117300406D2B /* UIImageLoader.swift in Sources */,
				46DED67A29730EEC00406D2B /* ViewControllerContainment.swift in Sources */,
				46DD5D062972DC590066140D /* NetworkError.swift in Sources */,
				46DD5BFE2972C0B30066140D /* TagViewModel.swift in Sources */,
				46DD5C052972CDB30066140D /* GHError.swift in Sources */,
				46DED67429730EB100406D2B /* UIViewControler+Extension.swift in Sources */,
			);
			runOnlyForDeploymentPostprocessing = 0;
		};
		461C53802972790000A67FCA /* Sources */ = {
			isa = PBXSourcesBuildPhase;
			buildActionMask = 2147483647;
			files = (
				461C53892972790000A67FCA /* GithubPRsTests.swift in Sources */,
			);
			runOnlyForDeploymentPostprocessing = 0;
		};
		461C538A2972790000A67FCA /* Sources */ = {
			isa = PBXSourcesBuildPhase;
			buildActionMask = 2147483647;
			files = (
				461C53932972790000A67FCA /* GithubPRsUITests.swift in Sources */,
				461C53952972790000A67FCA /* GithubPRsUITestsLaunchTests.swift in Sources */,
			);
			runOnlyForDeploymentPostprocessing = 0;
		};
/* End PBXSourcesBuildPhase section */

/* Begin PBXTargetDependency section */
		461C53862972790000A67FCA /* PBXTargetDependency */ = {
			isa = PBXTargetDependency;
			target = 461C536A297278FF00A67FCA /* GithubPRs */;
			targetProxy = 461C53852972790000A67FCA /* PBXContainerItemProxy */;
		};
		461C53902972790000A67FCA /* PBXTargetDependency */ = {
			isa = PBXTargetDependency;
			target = 461C536A297278FF00A67FCA /* GithubPRs */;
			targetProxy = 461C538F2972790000A67FCA /* PBXContainerItemProxy */;
		};
/* End PBXTargetDependency section */

/* Begin PBXVariantGroup section */
		461C537C2972790000A67FCA /* LaunchScreen.storyboard */ = {
			isa = PBXVariantGroup;
			children = (
				461C537D2972790000A67FCA /* Base */,
			);
			name = LaunchScreen.storyboard;
			sourceTree = "<group>";
		};
/* End PBXVariantGroup section */

/* Begin XCBuildConfiguration section */
		461C53962972790000A67FCA /* Debug */ = {
			isa = XCBuildConfiguration;
			buildSettings = {
				ALWAYS_SEARCH_USER_PATHS = NO;
				CLANG_ANALYZER_NONNULL = YES;
				CLANG_ANALYZER_NUMBER_OBJECT_CONVERSION = YES_AGGRESSIVE;
				CLANG_CXX_LANGUAGE_STANDARD = "gnu++20";
				CLANG_ENABLE_MODULES = YES;
				CLANG_ENABLE_OBJC_ARC = YES;
				CLANG_ENABLE_OBJC_WEAK = YES;
				CLANG_WARN_BLOCK_CAPTURE_AUTORELEASING = YES;
				CLANG_WARN_BOOL_CONVERSION = YES;
				CLANG_WARN_COMMA = YES;
				CLANG_WARN_CONSTANT_CONVERSION = YES;
				CLANG_WARN_DEPRECATED_OBJC_IMPLEMENTATIONS = YES;
				CLANG_WARN_DIRECT_OBJC_ISA_USAGE = YES_ERROR;
				CLANG_WARN_DOCUMENTATION_COMMENTS = YES;
				CLANG_WARN_EMPTY_BODY = YES;
				CLANG_WARN_ENUM_CONVERSION = YES;
				CLANG_WARN_INFINITE_RECURSION = YES;
				CLANG_WARN_INT_CONVERSION = YES;
				CLANG_WARN_NON_LITERAL_NULL_CONVERSION = YES;
				CLANG_WARN_OBJC_IMPLICIT_RETAIN_SELF = YES;
				CLANG_WARN_OBJC_LITERAL_CONVERSION = YES;
				CLANG_WARN_OBJC_ROOT_CLASS = YES_ERROR;
				CLANG_WARN_QUOTED_INCLUDE_IN_FRAMEWORK_HEADER = YES;
				CLANG_WARN_RANGE_LOOP_ANALYSIS = YES;
				CLANG_WARN_STRICT_PROTOTYPES = YES;
				CLANG_WARN_SUSPICIOUS_MOVE = YES;
				CLANG_WARN_UNGUARDED_AVAILABILITY = YES_AGGRESSIVE;
				CLANG_WARN_UNREACHABLE_CODE = YES;
				CLANG_WARN__DUPLICATE_METHOD_MATCH = YES;
				COPY_PHASE_STRIP = NO;
				DEBUG_INFORMATION_FORMAT = dwarf;
				ENABLE_STRICT_OBJC_MSGSEND = YES;
				ENABLE_TESTABILITY = YES;
				GCC_C_LANGUAGE_STANDARD = gnu11;
				GCC_DYNAMIC_NO_PIC = NO;
				GCC_NO_COMMON_BLOCKS = YES;
				GCC_OPTIMIZATION_LEVEL = 0;
				GCC_PREPROCESSOR_DEFINITIONS = (
					"DEBUG=1",
					"$(inherited)",
				);
				GCC_WARN_64_TO_32_BIT_CONVERSION = YES;
				GCC_WARN_ABOUT_RETURN_TYPE = YES_ERROR;
				GCC_WARN_UNDECLARED_SELECTOR = YES;
				GCC_WARN_UNINITIALIZED_AUTOS = YES_AGGRESSIVE;
				GCC_WARN_UNUSED_FUNCTION = YES;
				GCC_WARN_UNUSED_VARIABLE = YES;
				IPHONEOS_DEPLOYMENT_TARGET = 13.0;
				MTL_ENABLE_DEBUG_INFO = INCLUDE_SOURCE;
				MTL_FAST_MATH = YES;
				ONLY_ACTIVE_ARCH = YES;
				SDKROOT = iphoneos;
				SWIFT_ACTIVE_COMPILATION_CONDITIONS = DEBUG;
				SWIFT_OPTIMIZATION_LEVEL = "-Onone";
			};
			name = Debug;
		};
		461C53972972790000A67FCA /* Release */ = {
			isa = XCBuildConfiguration;
			buildSettings = {
				ALWAYS_SEARCH_USER_PATHS = NO;
				CLANG_ANALYZER_NONNULL = YES;
				CLANG_ANALYZER_NUMBER_OBJECT_CONVERSION = YES_AGGRESSIVE;
				CLANG_CXX_LANGUAGE_STANDARD = "gnu++20";
				CLANG_ENABLE_MODULES = YES;
				CLANG_ENABLE_OBJC_ARC = YES;
				CLANG_ENABLE_OBJC_WEAK = YES;
				CLANG_WARN_BLOCK_CAPTURE_AUTORELEASING = YES;
				CLANG_WARN_BOOL_CONVERSION = YES;
				CLANG_WARN_COMMA = YES;
				CLANG_WARN_CONSTANT_CONVERSION = YES;
				CLANG_WARN_DEPRECATED_OBJC_IMPLEMENTATIONS = YES;
				CLANG_WARN_DIRECT_OBJC_ISA_USAGE = YES_ERROR;
				CLANG_WARN_DOCUMENTATION_COMMENTS = YES;
				CLANG_WARN_EMPTY_BODY = YES;
				CLANG_WARN_ENUM_CONVERSION = YES;
				CLANG_WARN_INFINITE_RECURSION = YES;
				CLANG_WARN_INT_CONVERSION = YES;
				CLANG_WARN_NON_LITERAL_NULL_CONVERSION = YES;
				CLANG_WARN_OBJC_IMPLICIT_RETAIN_SELF = YES;
				CLANG_WARN_OBJC_LITERAL_CONVERSION = YES;
				CLANG_WARN_OBJC_ROOT_CLASS = YES_ERROR;
				CLANG_WARN_QUOTED_INCLUDE_IN_FRAMEWORK_HEADER = YES;
				CLANG_WARN_RANGE_LOOP_ANALYSIS = YES;
				CLANG_WARN_STRICT_PROTOTYPES = YES;
				CLANG_WARN_SUSPICIOUS_MOVE = YES;
				CLANG_WARN_UNGUARDED_AVAILABILITY = YES_AGGRESSIVE;
				CLANG_WARN_UNREACHABLE_CODE = YES;
				CLANG_WARN__DUPLICATE_METHOD_MATCH = YES;
				COPY_PHASE_STRIP = NO;
				DEBUG_INFORMATION_FORMAT = "dwarf-with-dsym";
				ENABLE_NS_ASSERTIONS = NO;
				ENABLE_STRICT_OBJC_MSGSEND = YES;
				GCC_C_LANGUAGE_STANDARD = gnu11;
				GCC_NO_COMMON_BLOCKS = YES;
				GCC_WARN_64_TO_32_BIT_CONVERSION = YES;
				GCC_WARN_ABOUT_RETURN_TYPE = YES_ERROR;
				GCC_WARN_UNDECLARED_SELECTOR = YES;
				GCC_WARN_UNINITIALIZED_AUTOS = YES_AGGRESSIVE;
				GCC_WARN_UNUSED_FUNCTION = YES;
				GCC_WARN_UNUSED_VARIABLE = YES;
				IPHONEOS_DEPLOYMENT_TARGET = 13.0;
				MTL_ENABLE_DEBUG_INFO = NO;
				MTL_FAST_MATH = YES;
				SDKROOT = iphoneos;
				SWIFT_COMPILATION_MODE = wholemodule;
				SWIFT_OPTIMIZATION_LEVEL = "-O";
				VALIDATE_PRODUCT = YES;
			};
			name = Release;
		};
		461C53992972790000A67FCA /* Debug */ = {
			isa = XCBuildConfiguration;
			buildSettings = {
				ASSETCATALOG_COMPILER_APPICON_NAME = AppIcon;
				ASSETCATALOG_COMPILER_GLOBAL_ACCENT_COLOR_NAME = AccentColor;
				CODE_SIGN_STYLE = Automatic;
				CURRENT_PROJECT_VERSION = 1;
				GENERATE_INFOPLIST_FILE = YES;
				INFOPLIST_FILE = GithubPRs/App/Info.plist;
				INFOPLIST_KEY_UIApplicationSupportsIndirectInputEvents = YES;
				INFOPLIST_KEY_UILaunchStoryboardName = LaunchScreen;
				INFOPLIST_KEY_UISupportedInterfaceOrientations_iPad = "UIInterfaceOrientationPortrait UIInterfaceOrientationPortraitUpsideDown UIInterfaceOrientationLandscapeLeft UIInterfaceOrientationLandscapeRight";
				INFOPLIST_KEY_UISupportedInterfaceOrientations_iPhone = "UIInterfaceOrientationPortrait UIInterfaceOrientationLandscapeLeft UIInterfaceOrientationLandscapeRight";
				IPHONEOS_DEPLOYMENT_TARGET = 13.0;
				LD_RUNPATH_SEARCH_PATHS = (
					"$(inherited)",
					"@executable_path/Frameworks",
				);
				MARKETING_VERSION = 1.0;
				PRODUCT_BUNDLE_IDENTIFIER = md.GithubPRs;
				PRODUCT_NAME = "$(TARGET_NAME)";
				SWIFT_EMIT_LOC_STRINGS = YES;
				SWIFT_VERSION = 5.0;
				TARGETED_DEVICE_FAMILY = "1,2";
			};
			name = Debug;
		};
		461C539A2972790000A67FCA /* Release */ = {
			isa = XCBuildConfiguration;
			buildSettings = {
				ASSETCATALOG_COMPILER_APPICON_NAME = AppIcon;
				ASSETCATALOG_COMPILER_GLOBAL_ACCENT_COLOR_NAME = AccentColor;
				CODE_SIGN_STYLE = Automatic;
				CURRENT_PROJECT_VERSION = 1;
				GENERATE_INFOPLIST_FILE = YES;
				INFOPLIST_FILE = GithubPRs/App/Info.plist;
				INFOPLIST_KEY_UIApplicationSupportsIndirectInputEvents = YES;
				INFOPLIST_KEY_UILaunchStoryboardName = LaunchScreen;
				INFOPLIST_KEY_UISupportedInterfaceOrientations_iPad = "UIInterfaceOrientationPortrait UIInterfaceOrientationPortraitUpsideDown UIInterfaceOrientationLandscapeLeft UIInterfaceOrientationLandscapeRight";
				INFOPLIST_KEY_UISupportedInterfaceOrientations_iPhone = "UIInterfaceOrientationPortrait UIInterfaceOrientationLandscapeLeft UIInterfaceOrientationLandscapeRight";
				IPHONEOS_DEPLOYMENT_TARGET = 13.0;
				LD_RUNPATH_SEARCH_PATHS = (
					"$(inherited)",
					"@executable_path/Frameworks",
				);
				MARKETING_VERSION = 1.0;
				PRODUCT_BUNDLE_IDENTIFIER = md.GithubPRs;
				PRODUCT_NAME = "$(TARGET_NAME)";
				SWIFT_EMIT_LOC_STRINGS = YES;
				SWIFT_VERSION = 5.0;
				TARGETED_DEVICE_FAMILY = "1,2";
			};
			name = Release;
		};
		461C539C2972790000A67FCA /* Debug */ = {
			isa = XCBuildConfiguration;
			buildSettings = {
				ALWAYS_EMBED_SWIFT_STANDARD_LIBRARIES = YES;
				BUNDLE_LOADER = "$(TEST_HOST)";
				CODE_SIGN_STYLE = Automatic;
				CURRENT_PROJECT_VERSION = 1;
				GENERATE_INFOPLIST_FILE = YES;
				IPHONEOS_DEPLOYMENT_TARGET = 16.0;
				MARKETING_VERSION = 1.0;
				PRODUCT_BUNDLE_IDENTIFIER = md.GithubPRsTests;
				PRODUCT_NAME = "$(TARGET_NAME)";
				SWIFT_EMIT_LOC_STRINGS = NO;
				SWIFT_VERSION = 5.0;
				TARGETED_DEVICE_FAMILY = "1,2";
				TEST_HOST = "$(BUILT_PRODUCTS_DIR)/GithubPRs.app/$(BUNDLE_EXECUTABLE_FOLDER_PATH)/GithubPRs";
			};
			name = Debug;
		};
		461C539D2972790000A67FCA /* Release */ = {
			isa = XCBuildConfiguration;
			buildSettings = {
				ALWAYS_EMBED_SWIFT_STANDARD_LIBRARIES = YES;
				BUNDLE_LOADER = "$(TEST_HOST)";
				CODE_SIGN_STYLE = Automatic;
				CURRENT_PROJECT_VERSION = 1;
				GENERATE_INFOPLIST_FILE = YES;
				IPHONEOS_DEPLOYMENT_TARGET = 16.0;
				MARKETING_VERSION = 1.0;
				PRODUCT_BUNDLE_IDENTIFIER = md.GithubPRsTests;
				PRODUCT_NAME = "$(TARGET_NAME)";
				SWIFT_EMIT_LOC_STRINGS = NO;
				SWIFT_VERSION = 5.0;
				TARGETED_DEVICE_FAMILY = "1,2";
				TEST_HOST = "$(BUILT_PRODUCTS_DIR)/GithubPRs.app/$(BUNDLE_EXECUTABLE_FOLDER_PATH)/GithubPRs";
			};
			name = Release;
		};
		461C539F2972790000A67FCA /* Debug */ = {
			isa = XCBuildConfiguration;
			buildSettings = {
				ALWAYS_EMBED_SWIFT_STANDARD_LIBRARIES = YES;
				CODE_SIGN_STYLE = Automatic;
				CURRENT_PROJECT_VERSION = 1;
				GENERATE_INFOPLIST_FILE = YES;
				MARKETING_VERSION = 1.0;
				PRODUCT_BUNDLE_IDENTIFIER = md.GithubPRsUITests;
				PRODUCT_NAME = "$(TARGET_NAME)";
				SWIFT_EMIT_LOC_STRINGS = NO;
				SWIFT_VERSION = 5.0;
				TARGETED_DEVICE_FAMILY = "1,2";
				TEST_TARGET_NAME = GithubPRs;
			};
			name = Debug;
		};
		461C53A02972790000A67FCA /* Release */ = {
			isa = XCBuildConfiguration;
			buildSettings = {
				ALWAYS_EMBED_SWIFT_STANDARD_LIBRARIES = YES;
				CODE_SIGN_STYLE = Automatic;
				CURRENT_PROJECT_VERSION = 1;
				GENERATE_INFOPLIST_FILE = YES;
				MARKETING_VERSION = 1.0;
				PRODUCT_BUNDLE_IDENTIFIER = md.GithubPRsUITests;
				PRODUCT_NAME = "$(TARGET_NAME)";
				SWIFT_EMIT_LOC_STRINGS = NO;
				SWIFT_VERSION = 5.0;
				TARGETED_DEVICE_FAMILY = "1,2";
				TEST_TARGET_NAME = GithubPRs;
			};
			name = Release;
		};
/* End XCBuildConfiguration section */

/* Begin XCConfigurationList section */
		461C5366297278FF00A67FCA /* Build configuration list for PBXProject "GithubPRs" */ = {
			isa = XCConfigurationList;
			buildConfigurations = (
				461C53962972790000A67FCA /* Debug */,
				461C53972972790000A67FCA /* Release */,
			);
			defaultConfigurationIsVisible = 0;
			defaultConfigurationName = Release;
		};
		461C53982972790000A67FCA /* Build configuration list for PBXNativeTarget "GithubPRs" */ = {
			isa = XCConfigurationList;
			buildConfigurations = (
				461C53992972790000A67FCA /* Debug */,
				461C539A2972790000A67FCA /* Release */,
			);
			defaultConfigurationIsVisible = 0;
			defaultConfigurationName = Release;
		};
		461C539B2972790000A67FCA /* Build configuration list for PBXNativeTarget "GithubPRsTests" */ = {
			isa = XCConfigurationList;
			buildConfigurations = (
				461C539C2972790000A67FCA /* Debug */,
				461C539D2972790000A67FCA /* Release */,
			);
			defaultConfigurationIsVisible = 0;
			defaultConfigurationName = Release;
		};
		461C539E2972790000A67FCA /* Build configuration list for PBXNativeTarget "GithubPRsUITests" */ = {
			isa = XCConfigurationList;
			buildConfigurations = (
				461C539F2972790000A67FCA /* Debug */,
				461C53A02972790000A67FCA /* Release */,
			);
			defaultConfigurationIsVisible = 0;
			defaultConfigurationName = Release;
		};
/* End XCConfigurationList section */

/* Begin XCVersionGroup section */
		461C5377297278FF00A67FCA /* GithubPRs.xcdatamodeld */ = {
			isa = XCVersionGroup;
			children = (
				461C5378297278FF00A67FCA /* GithubPRs.xcdatamodel */,
			);
			currentVersion = 461C5378297278FF00A67FCA /* GithubPRs.xcdatamodel */;
			path = GithubPRs.xcdatamodeld;
			sourceTree = "<group>";
			versionGroupType = wrapper.xcdatamodel;
		};
/* End XCVersionGroup section */
	};
	rootObject = 461C5363297278FF00A67FCA /* Project object */;
}
