// !$*UTF8*$!
{
	archiveVersion = 1;
	classes = {
	};
	objectVersion = 56;
	objects = {

/* Begin PBXBuildFile section */
		461C536F297278FF00A67FCA /* AppDelegate.swift in Sources */ = {isa = PBXBuildFile; fileRef = 461C536E297278FF00A67FCA /* AppDelegate.swift */; };
		461C5373297278FF00A67FCA /* PullRequestsController.swift in Sources */ = {isa = PBXBuildFile; fileRef = 461C5372297278FF00A67FCA /* PullRequestsController.swift */; };
		461C537B2972790000A67FCA /* Assets.xcassets in Resources */ = {isa = PBXBuildFile; fileRef = 461C537A2972790000A67FCA /* Assets.xcassets */; };
		461C537E2972790000A67FCA /* LaunchScreen.storyboard in Resources */ = {isa = PBXBuildFile; fileRef = 461C537C2972790000A67FCA /* LaunchScreen.storyboard */; };
		461C53892972790000A67FCA /* PRsViewStateTests.swift in Sources */ = {isa = PBXBuildFile; fileRef = 461C53882972790000A67FCA /* PRsViewStateTests.swift */; };
		46DD5BBC29728D6A0066140D /* AppWireframe.swift in Sources */ = {isa = PBXBuildFile; fileRef = 46DD5BBB29728D6A0066140D /* AppWireframe.swift */; };
		46DD5BBE297290E90066140D /* TabBarWireframe.swift in Sources */ = {isa = PBXBuildFile; fileRef = 46DD5BBD297290E90066140D /* TabBarWireframe.swift */; };
		46DD5BC0297292540066140D /* PullRequestsWireframe.swift in Sources */ = {isa = PBXBuildFile; fileRef = 46DD5BBF297292540066140D /* PullRequestsWireframe.swift */; };
		46DD5BC22972964F0066140D /* PullRequestDetailWireframe.swift in Sources */ = {isa = PBXBuildFile; fileRef = 46DD5BC12972964F0066140D /* PullRequestDetailWireframe.swift */; };
		46DD5BC4297296800066140D /* PRCommitsWireframe.swift in Sources */ = {isa = PBXBuildFile; fileRef = 46DD5BC3297296800066140D /* PRCommitsWireframe.swift */; };
		46DD5BC62972968D0066140D /* PRCommentsWireframe.swift in Sources */ = {isa = PBXBuildFile; fileRef = 46DD5BC52972968D0066140D /* PRCommentsWireframe.swift */; };
		46DD5BEA2972A2530066140D /* PullRequest.swift in Sources */ = {isa = PBXBuildFile; fileRef = 46DD5BE92972A2530066140D /* PullRequest.swift */; };
		46DD5BEC2972B7710066140D /* IssueLabel.swift in Sources */ = {isa = PBXBuildFile; fileRef = 46DD5BEB2972B7710066140D /* IssueLabel.swift */; };
		46DD5BEF2972B7950066140D /* User.swift in Sources */ = {isa = PBXBuildFile; fileRef = 46DD5BEE2972B7940066140D /* User.swift */; };
		46DD5BF12972B7CB0066140D /* Respository.swift in Sources */ = {isa = PBXBuildFile; fileRef = 46DD5BF02972B7CB0066140D /* Respository.swift */; };
		46DD5BF32972B7E70066140D /* Milestone.swift in Sources */ = {isa = PBXBuildFile; fileRef = 46DD5BF22972B7E70066140D /* Milestone.swift */; };
		46DD5BF52972B7FC0066140D /* License.swift in Sources */ = {isa = PBXBuildFile; fileRef = 46DD5BF42972B7FC0066140D /* License.swift */; };
		46DD5BF72972B8380066140D /* PullRequestViewModel.swift in Sources */ = {isa = PBXBuildFile; fileRef = 46DD5BF62972B8380066140D /* PullRequestViewModel.swift */; };
		46DD5BF92972BDEA0066140D /* PullRequestState.swift in Sources */ = {isa = PBXBuildFile; fileRef = 46DD5BF82972BDEA0066140D /* PullRequestState.swift */; };
		46DD5BFB2972BDF90066140D /* UserViewModel.swift in Sources */ = {isa = PBXBuildFile; fileRef = 46DD5BFA2972BDF90066140D /* UserViewModel.swift */; };
		46DD5BFE2972C0B30066140D /* TagViewModel.swift in Sources */ = {isa = PBXBuildFile; fileRef = 46DD5BFD2972C0B30066140D /* TagViewModel.swift */; };
		46DD5C012972CB460066140D /* Request.swift in Sources */ = {isa = PBXBuildFile; fileRef = 46DD5C002972CB460066140D /* Request.swift */; };
		46DD5C032972CB6F0066140D /* URL+Extension.swift in Sources */ = {isa = PBXBuildFile; fileRef = 46DD5C022972CB6F0066140D /* URL+Extension.swift */; };
		46DD5C052972CDB30066140D /* GHError.swift in Sources */ = {isa = PBXBuildFile; fileRef = 46DD5C042972CDB30066140D /* GHError.swift */; };
		46DD5C082972CEB50066140D /* NetworkManager.swift in Sources */ = {isa = PBXBuildFile; fileRef = 46DD5C072972CEB50066140D /* NetworkManager.swift */; };
		46DD5D012972DBCF0066140D /* URLSessionProtocol.swift in Sources */ = {isa = PBXBuildFile; fileRef = 46DD5D002972DBCF0066140D /* URLSessionProtocol.swift */; };
		46DD5D042972DC1A0066140D /* NetworkingConstants.swift in Sources */ = {isa = PBXBuildFile; fileRef = 46DD5D032972DC1A0066140D /* NetworkingConstants.swift */; };
		46DD5D062972DC590066140D /* NetworkError.swift in Sources */ = {isa = PBXBuildFile; fileRef = 46DD5D052972DC590066140D /* NetworkError.swift */; };
		46DD5D092972E9D60066140D /* PullRequestsInteractor.swift in Sources */ = {isa = PBXBuildFile; fileRef = 46DD5D082972E9D60066140D /* PullRequestsInteractor.swift */; };
		46DD5D0B2972EA450066140D /* ErrorViewModel.swift in Sources */ = {isa = PBXBuildFile; fileRef = 46DD5D0A2972EA450066140D /* ErrorViewModel.swift */; };
		46DD5D0D2972EBA50066140D /* JsonDecoder.swift in Sources */ = {isa = PBXBuildFile; fileRef = 46DD5D0C2972EBA50066140D /* JsonDecoder.swift */; };
		46DD5D0F2972EFB60066140D /* UIColor+Extensions.swift in Sources */ = {isa = PBXBuildFile; fileRef = 46DD5D0E2972EFB60066140D /* UIColor+Extensions.swift */; };
		46DD5D122972F3530066140D /* PageNumber.swift in Sources */ = {isa = PBXBuildFile; fileRef = 46DD5D112972F3530066140D /* PageNumber.swift */; };
		46DD5D142972FF430066140D /* Reachability.swift in Sources */ = {isa = PBXBuildFile; fileRef = 46DD5D132972FF430066140D /* Reachability.swift */; };
		46DD5D182973069C0066140D /* Utils.swift in Sources */ = {isa = PBXBuildFile; fileRef = 46DD5D172973069C0066140D /* Utils.swift */; };
		46DED67029730E7400406D2B /* UIView+Extensions.swift in Sources */ = {isa = PBXBuildFile; fileRef = 46DED66F29730E7400406D2B /* UIView+Extensions.swift */; };
		46DED67229730E9100406D2B /* Collections+Extensions.swift in Sources */ = {isa = PBXBuildFile; fileRef = 46DED67129730E9100406D2B /* Collections+Extensions.swift */; };
		46DED67429730EB100406D2B /* UIViewControler+Extension.swift in Sources */ = {isa = PBXBuildFile; fileRef = 46DED67329730EB100406D2B /* UIViewControler+Extension.swift */; };
		46DED67629730EC400406D2B /* NiblessView.swift in Sources */ = {isa = PBXBuildFile; fileRef = 46DED67529730EC400406D2B /* NiblessView.swift */; };
		46DED67829730ED900406D2B /* NiblessViewController.swift in Sources */ = {isa = PBXBuildFile; fileRef = 46DED67729730ED900406D2B /* NiblessViewController.swift */; };
		46DED67A29730EEC00406D2B /* ViewControllerContainment.swift in Sources */ = {isa = PBXBuildFile; fileRef = 46DED67929730EEC00406D2B /* ViewControllerContainment.swift */; };
		46DED67C29730F7600406D2B /* PullRequestView.swift in Sources */ = {isa = PBXBuildFile; fileRef = 46DED67B29730F7600406D2B /* PullRequestView.swift */; };
		46DED67E29730FA800406D2B /* PullRequestPresenter.swift in Sources */ = {isa = PBXBuildFile; fileRef = 46DED67D29730FA800406D2B /* PullRequestPresenter.swift */; };
		46DED6812973104A00406D2B /* Observable.swift in Sources */ = {isa = PBXBuildFile; fileRef = 46DED6802973104A00406D2B /* Observable.swift */; };
		46DED6862973116C00406D2B /* ImageLoader.swift in Sources */ = {isa = PBXBuildFile; fileRef = 46DED6852973116C00406D2B /* ImageLoader.swift */; };
		46DED6882973117300406D2B /* UIImageLoader.swift in Sources */ = {isa = PBXBuildFile; fileRef = 46DED6872973117300406D2B /* UIImageLoader.swift */; };
		46DED68A297311C100406D2B /* PullRequestCell.swift in Sources */ = {isa = PBXBuildFile; fileRef = 46DED689297311C100406D2B /* PullRequestCell.swift */; };
		46DED68C2973145B00406D2B /* PullRequestViewState.swift in Sources */ = {isa = PBXBuildFile; fileRef = 46DED68B2973145B00406D2B /* PullRequestViewState.swift */; };
		46DED68E297316D400406D2B /* Paginator.swift in Sources */ = {isa = PBXBuildFile; fileRef = 46DED68D297316D400406D2B /* Paginator.swift */; };
		46DED6902973188D00406D2B /* MessageController.swift in Sources */ = {isa = PBXBuildFile; fileRef = 46DED68F2973188D00406D2B /* MessageController.swift */; };
		46DED692297318A900406D2B /* MessageView.swift in Sources */ = {isa = PBXBuildFile; fileRef = 46DED691297318A900406D2B /* MessageView.swift */; };
		46DED6942973399E00406D2B /* SegmentedViewController.swift in Sources */ = {isa = PBXBuildFile; fileRef = 46DED6932973399E00406D2B /* SegmentedViewController.swift */; };
		46DED6982973C7E800406D2B /* PullRequestScreenType.swift in Sources */ = {isa = PBXBuildFile; fileRef = 46DED6972973C7E800406D2B /* PullRequestScreenType.swift */; };
		46DED69B2973E1A400406D2B /* PullRequestContainerWireframe.swift in Sources */ = {isa = PBXBuildFile; fileRef = 46DED69A2973E1A400406D2B /* PullRequestContainerWireframe.swift */; };
		46DED69D2973F94F00406D2B /* PRCommentsInteractor.swift in Sources */ = {isa = PBXBuildFile; fileRef = 46DED69C2973F94F00406D2B /* PRCommentsInteractor.swift */; };
		46DED69F2973F96200406D2B /* PRCommentsPresenter.swift in Sources */ = {isa = PBXBuildFile; fileRef = 46DED69E2973F96200406D2B /* PRCommentsPresenter.swift */; };
		46DED6A12973F99200406D2B /* PRCommentsController.swift in Sources */ = {isa = PBXBuildFile; fileRef = 46DED6A02973F99200406D2B /* PRCommentsController.swift */; };
		46DED6A32973F9A800406D2B /* PRCommentsView.swift in Sources */ = {isa = PBXBuildFile; fileRef = 46DED6A22973F9A800406D2B /* PRCommentsView.swift */; };
		46DED6A5297402D100406D2B /* PRComment.swift in Sources */ = {isa = PBXBuildFile; fileRef = 46DED6A4297402D100406D2B /* PRComment.swift */; };
		46DED6A82974047A00406D2B /* PRCommentViewModel.swift in Sources */ = {isa = PBXBuildFile; fileRef = 46DED6A72974047A00406D2B /* PRCommentViewModel.swift */; };
		46DED6AA297408AA00406D2B /* PRCommentCell.swift in Sources */ = {isa = PBXBuildFile; fileRef = 46DED6A9297408AA00406D2B /* PRCommentCell.swift */; };
		46DED6AC297409B400406D2B /* PullRequestDetailScreenType.swift in Sources */ = {isa = PBXBuildFile; fileRef = 46DED6AB297409B400406D2B /* PullRequestDetailScreenType.swift */; };
		46DED6AE29742D7B00406D2B /* PRCommitsView.swift in Sources */ = {isa = PBXBuildFile; fileRef = 46DED6AD29742D7B00406D2B /* PRCommitsView.swift */; };
		46DED6B029742D9C00406D2B /* PRCommitsInteractor.swift in Sources */ = {isa = PBXBuildFile; fileRef = 46DED6AF29742D9C00406D2B /* PRCommitsInteractor.swift */; };
		46DED6B229742DAC00406D2B /* PRCommitsPresenter.swift in Sources */ = {isa = PBXBuildFile; fileRef = 46DED6B129742DAC00406D2B /* PRCommitsPresenter.swift */; };
		46DED6B429742DB600406D2B /* PRCommit.swift in Sources */ = {isa = PBXBuildFile; fileRef = 46DED6B329742DB600406D2B /* PRCommit.swift */; };
		46DED6B629742DD600406D2B /* PRCommitViewModel.swift in Sources */ = {isa = PBXBuildFile; fileRef = 46DED6B529742DD600406D2B /* PRCommitViewModel.swift */; };
		46DED6B82974350D00406D2B /* PRCommitsController.swift in Sources */ = {isa = PBXBuildFile; fileRef = 46DED6B72974350D00406D2B /* PRCommitsController.swift */; };
		46DED6BA2974351900406D2B /* PRCommitCell.swift in Sources */ = {isa = PBXBuildFile; fileRef = 46DED6B92974351900406D2B /* PRCommitCell.swift */; };
		46DED6BF29745C4A00406D2B /* MockPullRequestInteractor.swift in Sources */ = {isa = PBXBuildFile; fileRef = 46DED6BE29745C4A00406D2B /* MockPullRequestInteractor.swift */; };
		46DED6C129745D0D00406D2B /* MockPullRequestData.swift in Sources */ = {isa = PBXBuildFile; fileRef = 46DED6C029745D0D00406D2B /* MockPullRequestData.swift */; };
		46DED6C329745E8B00406D2B /* MockPullRequestWireframe.swift in Sources */ = {isa = PBXBuildFile; fileRef = 46DED6C229745E8B00406D2B /* MockPullRequestWireframe.swift */; };
		46DED6C529745F3100406D2B /* MockPRDetailWireframe.swift in Sources */ = {isa = PBXBuildFile; fileRef = 46DED6C429745F3100406D2B /* MockPRDetailWireframe.swift */; };
		46DED6C729745F8700406D2B /* MockPRCommitsWireframe.swift in Sources */ = {isa = PBXBuildFile; fileRef = 46DED6C629745F8700406D2B /* MockPRCommitsWireframe.swift */; };
		46DED6C929745FDD00406D2B /* MockPRCommentsWireframe.swift in Sources */ = {isa = PBXBuildFile; fileRef = 46DED6C829745FDD00406D2B /* MockPRCommentsWireframe.swift */; };
		46DED6CD2974691D00406D2B /* PRCommentsViewStateTests.swift in Sources */ = {isa = PBXBuildFile; fileRef = 46DED6CC2974691D00406D2B /* PRCommentsViewStateTests.swift */; };
		46DED6CF2974697600406D2B /* MockCommentsData.swift in Sources */ = {isa = PBXBuildFile; fileRef = 46DED6CE2974697600406D2B /* MockCommentsData.swift */; };
		46DED6D12974698D00406D2B /* MockPRCommentsInteractor.swift in Sources */ = {isa = PBXBuildFile; fileRef = 46DED6D02974698D00406D2B /* MockPRCommentsInteractor.swift */; };
		46DED6D329746C9C00406D2B /* MockPullRequestViewModel.swift in Sources */ = {isa = PBXBuildFile; fileRef = 46DED6D229746C9C00406D2B /* MockPullRequestViewModel.swift */; };
		46DED6D529746DA100406D2B /* PRCommitsViewStateTests.swift in Sources */ = {isa = PBXBuildFile; fileRef = 46DED6D429746DA100406D2B /* PRCommitsViewStateTests.swift */; };
		46DED6D729746DC600406D2B /* MockCommitsData.swift in Sources */ = {isa = PBXBuildFile; fileRef = 46DED6D629746DC600406D2B /* MockCommitsData.swift */; };
		46DED6D929746E1100406D2B /* MockPRCommitsInteractor.swift in Sources */ = {isa = PBXBuildFile; fileRef = 46DED6D829746E1100406D2B /* MockPRCommitsInteractor.swift */; };
		46DED6DB29746FB000406D2B /* PaginationTests.swift in Sources */ = {isa = PBXBuildFile; fileRef = 46DED6DA29746FAF00406D2B /* PaginationTests.swift */; };
		46DED6DD2974727900406D2B /* NavigationTests.swift in Sources */ = {isa = PBXBuildFile; fileRef = 46DED6DC2974727900406D2B /* NavigationTests.swift */; };
		46DED6DF2974766C00406D2B /* MockPRContainerWireframe.swift in Sources */ = {isa = PBXBuildFile; fileRef = 46DED6DE2974766C00406D2B /* MockPRContainerWireframe.swift */; };
		46DED6E22974808100406D2B /* MockGoodSession.swift in Sources */ = {isa = PBXBuildFile; fileRef = 46DED6E12974808100406D2B /* MockGoodSession.swift */; };
		46DED6E42974809600406D2B /* MockBadSession.swift in Sources */ = {isa = PBXBuildFile; fileRef = 46DED6E32974809600406D2B /* MockBadSession.swift */; };
		46DED6E62974811800406D2B /* MockAPIErrorSession.swift in Sources */ = {isa = PBXBuildFile; fileRef = 46DED6E52974811800406D2B /* MockAPIErrorSession.swift */; };
		46DED6E82974817800406D2B /* MockBadStatusCodeSession.swift in Sources */ = {isa = PBXBuildFile; fileRef = 46DED6E72974817800406D2B /* MockBadStatusCodeSession.swift */; };
		46DED6EA2974819700406D2B /* MockRateLimitedSession.swift in Sources */ = {isa = PBXBuildFile; fileRef = 46DED6E92974819700406D2B /* MockRateLimitedSession.swift */; };
		46DED6F12974835400406D2B /* commits.json in Resources */ = {isa = PBXBuildFile; fileRef = 46DED6EE2974835400406D2B /* commits.json */; };
		46DED6F22974835400406D2B /* pulls.json in Resources */ = {isa = PBXBuildFile; fileRef = 46DED6EF2974835400406D2B /* pulls.json */; };
		46DED6F32974835400406D2B /* comments.json in Resources */ = {isa = PBXBuildFile; fileRef = 46DED6F02974835400406D2B /* comments.json */; };
		46DED6F52974845D00406D2B /* MockJsonLoader.swift in Sources */ = {isa = PBXBuildFile; fileRef = 46DED6F42974845D00406D2B /* MockJsonLoader.swift */; };
		46DED6F72974861300406D2B /* MockDataTask.swift in Sources */ = {isa = PBXBuildFile; fileRef = 46DED6F62974861300406D2B /* MockDataTask.swift */; };
		46DED6F92974868500406D2B /* MockResponseLoader.swift in Sources */ = {isa = PBXBuildFile; fileRef = 46DED6F82974868500406D2B /* MockResponseLoader.swift */; };
		46DED6FB297487EE00406D2B /* MockErrorLoader.swift in Sources */ = {isa = PBXBuildFile; fileRef = 46DED6FA297487EE00406D2B /* MockErrorLoader.swift */; };
		46DED6FE29748B4500406D2B /* PRNetworkingTests.swift in Sources */ = {isa = PBXBuildFile; fileRef = 46DED6FD29748B4500406D2B /* PRNetworkingTests.swift */; };
		46DED70029748C5100406D2B /* MockReachibility.swift in Sources */ = {isa = PBXBuildFile; fileRef = 46DED6FF29748C5100406D2B /* MockReachibility.swift */; };
		46DED7042974967100406D2B /* error.json in Resources */ = {isa = PBXBuildFile; fileRef = 46DED7032974967100406D2B /* error.json */; };
		46DED70629749C4E00406D2B /* CommitsNetworkingTests.swift in Sources */ = {isa = PBXBuildFile; fileRef = 46DED70529749C4E00406D2B /* CommitsNetworkingTests.swift */; };
		46DED70829749EF700406D2B /* CommentsNetworkingTests.swift in Sources */ = {isa = PBXBuildFile; fileRef = 46DED70729749EF700406D2B /* CommentsNetworkingTests.swift */; };
		46DED70A2974A01700406D2B /* NoInternetTest.swift in Sources */ = {isa = PBXBuildFile; fileRef = 46DED7092974A01700406D2B /* NoInternetTest.swift */; };
		46DED70C2974A3AA00406D2B /* ImageLoaderTests.swift in Sources */ = {isa = PBXBuildFile; fileRef = 46DED70B2974A3AA00406D2B /* ImageLoaderTests.swift */; };
		46DED70E2974A43A00406D2B /* github-logo.png in Resources */ = {isa = PBXBuildFile; fileRef = 46DED70D2974A43A00406D2B /* github-logo.png */; };
/* End PBXBuildFile section */

/* Begin PBXContainerItemProxy section */
		461C53852972790000A67FCA /* PBXContainerItemProxy */ = {
			isa = PBXContainerItemProxy;
			containerPortal = 461C5363297278FF00A67FCA /* Project object */;
			proxyType = 1;
			remoteGlobalIDString = 461C536A297278FF00A67FCA;
			remoteInfo = GithubPRs;
		};
/* End PBXContainerItemProxy section */

/* Begin PBXFileReference section */
		461C536B297278FF00A67FCA /* GithubPRs.app */ = {isa = PBXFileReference; explicitFileType = wrapper.application; includeInIndex = 0; path = GithubPRs.app; sourceTree = BUILT_PRODUCTS_DIR; };
		461C536E297278FF00A67FCA /* AppDelegate.swift */ = {isa = PBXFileReference; lastKnownFileType = sourcecode.swift; path = AppDelegate.swift; sourceTree = "<group>"; };
		461C5372297278FF00A67FCA /* PullRequestsController.swift */ = {isa = PBXFileReference; lastKnownFileType = sourcecode.swift; path = PullRequestsController.swift; sourceTree = "<group>"; };
		461C537A2972790000A67FCA /* Assets.xcassets */ = {isa = PBXFileReference; lastKnownFileType = folder.assetcatalog; path = Assets.xcassets; sourceTree = "<group>"; };
		461C537D2972790000A67FCA /* Base */ = {isa = PBXFileReference; lastKnownFileType = file.storyboard; name = Base; path = Base.lproj/LaunchScreen.storyboard; sourceTree = "<group>"; };
		461C537F2972790000A67FCA /* Info.plist */ = {isa = PBXFileReference; lastKnownFileType = text.plist.xml; path = Info.plist; sourceTree = "<group>"; };
		461C53842972790000A67FCA /* GithubPRsTests.xctest */ = {isa = PBXFileReference; explicitFileType = wrapper.cfbundle; includeInIndex = 0; path = GithubPRsTests.xctest; sourceTree = BUILT_PRODUCTS_DIR; };
		461C53882972790000A67FCA /* PRsViewStateTests.swift */ = {isa = PBXFileReference; lastKnownFileType = sourcecode.swift; path = PRsViewStateTests.swift; sourceTree = "<group>"; };
		46DD5BBB29728D6A0066140D /* AppWireframe.swift */ = {isa = PBXFileReference; lastKnownFileType = sourcecode.swift; path = AppWireframe.swift; sourceTree = "<group>"; };
		46DD5BBD297290E90066140D /* TabBarWireframe.swift */ = {isa = PBXFileReference; lastKnownFileType = sourcecode.swift; path = TabBarWireframe.swift; sourceTree = "<group>"; };
		46DD5BBF297292540066140D /* PullRequestsWireframe.swift */ = {isa = PBXFileReference; lastKnownFileType = sourcecode.swift; path = PullRequestsWireframe.swift; sourceTree = "<group>"; };
		46DD5BC12972964F0066140D /* PullRequestDetailWireframe.swift */ = {isa = PBXFileReference; lastKnownFileType = sourcecode.swift; path = PullRequestDetailWireframe.swift; sourceTree = "<group>"; };
		46DD5BC3297296800066140D /* PRCommitsWireframe.swift */ = {isa = PBXFileReference; lastKnownFileType = sourcecode.swift; path = PRCommitsWireframe.swift; sourceTree = "<group>"; };
		46DD5BC52972968D0066140D /* PRCommentsWireframe.swift */ = {isa = PBXFileReference; lastKnownFileType = sourcecode.swift; path = PRCommentsWireframe.swift; sourceTree = "<group>"; };
		46DD5BE92972A2530066140D /* PullRequest.swift */ = {isa = PBXFileReference; lastKnownFileType = sourcecode.swift; path = PullRequest.swift; sourceTree = "<group>"; };
		46DD5BEB2972B7710066140D /* IssueLabel.swift */ = {isa = PBXFileReference; lastKnownFileType = sourcecode.swift; path = IssueLabel.swift; sourceTree = "<group>"; };
		46DD5BEE2972B7940066140D /* User.swift */ = {isa = PBXFileReference; lastKnownFileType = sourcecode.swift; path = User.swift; sourceTree = "<group>"; };
		46DD5BF02972B7CB0066140D /* Respository.swift */ = {isa = PBXFileReference; lastKnownFileType = sourcecode.swift; path = Respository.swift; sourceTree = "<group>"; };
		46DD5BF22972B7E70066140D /* Milestone.swift */ = {isa = PBXFileReference; lastKnownFileType = sourcecode.swift; path = Milestone.swift; sourceTree = "<group>"; };
		46DD5BF42972B7FC0066140D /* License.swift */ = {isa = PBXFileReference; lastKnownFileType = sourcecode.swift; path = License.swift; sourceTree = "<group>"; };
		46DD5BF62972B8380066140D /* PullRequestViewModel.swift */ = {isa = PBXFileReference; lastKnownFileType = sourcecode.swift; path = PullRequestViewModel.swift; sourceTree = "<group>"; };
		46DD5BF82972BDEA0066140D /* PullRequestState.swift */ = {isa = PBXFileReference; lastKnownFileType = sourcecode.swift; path = PullRequestState.swift; sourceTree = "<group>"; };
		46DD5BFA2972BDF90066140D /* UserViewModel.swift */ = {isa = PBXFileReference; lastKnownFileType = sourcecode.swift; path = UserViewModel.swift; sourceTree = "<group>"; };
		46DD5BFD2972C0B30066140D /* TagViewModel.swift */ = {isa = PBXFileReference; lastKnownFileType = sourcecode.swift; path = TagViewModel.swift; sourceTree = "<group>"; };
		46DD5C002972CB460066140D /* Request.swift */ = {isa = PBXFileReference; lastKnownFileType = sourcecode.swift; path = Request.swift; sourceTree = "<group>"; };
		46DD5C022972CB6F0066140D /* URL+Extension.swift */ = {isa = PBXFileReference; lastKnownFileType = sourcecode.swift; path = "URL+Extension.swift"; sourceTree = "<group>"; };
		46DD5C042972CDB30066140D /* GHError.swift */ = {isa = PBXFileReference; lastKnownFileType = sourcecode.swift; path = GHError.swift; sourceTree = "<group>"; };
		46DD5C072972CEB50066140D /* NetworkManager.swift */ = {isa = PBXFileReference; lastKnownFileType = sourcecode.swift; path = NetworkManager.swift; sourceTree = "<group>"; };
		46DD5D002972DBCF0066140D /* URLSessionProtocol.swift */ = {isa = PBXFileReference; lastKnownFileType = sourcecode.swift; path = URLSessionProtocol.swift; sourceTree = "<group>"; };
		46DD5D032972DC1A0066140D /* NetworkingConstants.swift */ = {isa = PBXFileReference; lastKnownFileType = sourcecode.swift; path = NetworkingConstants.swift; sourceTree = "<group>"; };
		46DD5D052972DC590066140D /* NetworkError.swift */ = {isa = PBXFileReference; lastKnownFileType = sourcecode.swift; path = NetworkError.swift; sourceTree = "<group>"; };
		46DD5D082972E9D60066140D /* PullRequestsInteractor.swift */ = {isa = PBXFileReference; lastKnownFileType = sourcecode.swift; path = PullRequestsInteractor.swift; sourceTree = "<group>"; };
		46DD5D0A2972EA450066140D /* ErrorViewModel.swift */ = {isa = PBXFileReference; lastKnownFileType = sourcecode.swift; path = ErrorViewModel.swift; sourceTree = "<group>"; };
		46DD5D0C2972EBA50066140D /* JsonDecoder.swift */ = {isa = PBXFileReference; lastKnownFileType = sourcecode.swift; path = JsonDecoder.swift; sourceTree = "<group>"; };
		46DD5D0E2972EFB60066140D /* UIColor+Extensions.swift */ = {isa = PBXFileReference; lastKnownFileType = sourcecode.swift; path = "UIColor+Extensions.swift"; sourceTree = "<group>"; };
		46DD5D112972F3530066140D /* PageNumber.swift */ = {isa = PBXFileReference; lastKnownFileType = sourcecode.swift; path = PageNumber.swift; sourceTree = "<group>"; };
		46DD5D132972FF430066140D /* Reachability.swift */ = {isa = PBXFileReference; lastKnownFileType = sourcecode.swift; path = Reachability.swift; sourceTree = "<group>"; };
		46DD5D172973069C0066140D /* Utils.swift */ = {isa = PBXFileReference; lastKnownFileType = sourcecode.swift; path = Utils.swift; sourceTree = "<group>"; };
		46DED66F29730E7400406D2B /* UIView+Extensions.swift */ = {isa = PBXFileReference; lastKnownFileType = sourcecode.swift; path = "UIView+Extensions.swift"; sourceTree = "<group>"; };
		46DED67129730E9100406D2B /* Collections+Extensions.swift */ = {isa = PBXFileReference; lastKnownFileType = sourcecode.swift; path = "Collections+Extensions.swift"; sourceTree = "<group>"; };
		46DED67329730EB100406D2B /* UIViewControler+Extension.swift */ = {isa = PBXFileReference; lastKnownFileType = sourcecode.swift; path = "UIViewControler+Extension.swift"; sourceTree = "<group>"; };
		46DED67529730EC400406D2B /* NiblessView.swift */ = {isa = PBXFileReference; lastKnownFileType = sourcecode.swift; path = NiblessView.swift; sourceTree = "<group>"; };
		46DED67729730ED900406D2B /* NiblessViewController.swift */ = {isa = PBXFileReference; lastKnownFileType = sourcecode.swift; path = NiblessViewController.swift; sourceTree = "<group>"; };
		46DED67929730EEC00406D2B /* ViewControllerContainment.swift */ = {isa = PBXFileReference; lastKnownFileType = sourcecode.swift; path = ViewControllerContainment.swift; sourceTree = "<group>"; };
		46DED67B29730F7600406D2B /* PullRequestView.swift */ = {isa = PBXFileReference; lastKnownFileType = sourcecode.swift; path = PullRequestView.swift; sourceTree = "<group>"; };
		46DED67D29730FA800406D2B /* PullRequestPresenter.swift */ = {isa = PBXFileReference; lastKnownFileType = sourcecode.swift; path = PullRequestPresenter.swift; sourceTree = "<group>"; };
		46DED6802973104A00406D2B /* Observable.swift */ = {isa = PBXFileReference; lastKnownFileType = sourcecode.swift; path = Observable.swift; sourceTree = "<group>"; };
		46DED6852973116C00406D2B /* ImageLoader.swift */ = {isa = PBXFileReference; lastKnownFileType = sourcecode.swift; path = ImageLoader.swift; sourceTree = "<group>"; };
		46DED6872973117300406D2B /* UIImageLoader.swift */ = {isa = PBXFileReference; lastKnownFileType = sourcecode.swift; path = UIImageLoader.swift; sourceTree = "<group>"; };
		46DED689297311C100406D2B /* PullRequestCell.swift */ = {isa = PBXFileReference; lastKnownFileType = sourcecode.swift; path = PullRequestCell.swift; sourceTree = "<group>"; };
		46DED68B2973145B00406D2B /* PullRequestViewState.swift */ = {isa = PBXFileReference; lastKnownFileType = sourcecode.swift; path = PullRequestViewState.swift; sourceTree = "<group>"; };
		46DED68D297316D400406D2B /* Paginator.swift */ = {isa = PBXFileReference; lastKnownFileType = sourcecode.swift; path = Paginator.swift; sourceTree = "<group>"; };
		46DED68F2973188D00406D2B /* MessageController.swift */ = {isa = PBXFileReference; lastKnownFileType = sourcecode.swift; path = MessageController.swift; sourceTree = "<group>"; };
		46DED691297318A900406D2B /* MessageView.swift */ = {isa = PBXFileReference; lastKnownFileType = sourcecode.swift; path = MessageView.swift; sourceTree = "<group>"; };
		46DED6932973399E00406D2B /* SegmentedViewController.swift */ = {isa = PBXFileReference; lastKnownFileType = sourcecode.swift; path = SegmentedViewController.swift; sourceTree = "<group>"; };
		46DED6972973C7E800406D2B /* PullRequestScreenType.swift */ = {isa = PBXFileReference; lastKnownFileType = sourcecode.swift; path = PullRequestScreenType.swift; sourceTree = "<group>"; };
		46DED69A2973E1A400406D2B /* PullRequestContainerWireframe.swift */ = {isa = PBXFileReference; lastKnownFileType = sourcecode.swift; path = PullRequestContainerWireframe.swift; sourceTree = "<group>"; };
		46DED69C2973F94F00406D2B /* PRCommentsInteractor.swift */ = {isa = PBXFileReference; lastKnownFileType = sourcecode.swift; path = PRCommentsInteractor.swift; sourceTree = "<group>"; };
		46DED69E2973F96200406D2B /* PRCommentsPresenter.swift */ = {isa = PBXFileReference; lastKnownFileType = sourcecode.swift; path = PRCommentsPresenter.swift; sourceTree = "<group>"; };
		46DED6A02973F99200406D2B /* PRCommentsController.swift */ = {isa = PBXFileReference; lastKnownFileType = sourcecode.swift; path = PRCommentsController.swift; sourceTree = "<group>"; };
		46DED6A22973F9A800406D2B /* PRCommentsView.swift */ = {isa = PBXFileReference; lastKnownFileType = sourcecode.swift; path = PRCommentsView.swift; sourceTree = "<group>"; };
		46DED6A4297402D100406D2B /* PRComment.swift */ = {isa = PBXFileReference; lastKnownFileType = sourcecode.swift; path = PRComment.swift; sourceTree = "<group>"; };
		46DED6A72974047A00406D2B /* PRCommentViewModel.swift */ = {isa = PBXFileReference; lastKnownFileType = sourcecode.swift; path = PRCommentViewModel.swift; sourceTree = "<group>"; };
		46DED6A9297408AA00406D2B /* PRCommentCell.swift */ = {isa = PBXFileReference; lastKnownFileType = sourcecode.swift; path = PRCommentCell.swift; sourceTree = "<group>"; };
		46DED6AB297409B400406D2B /* PullRequestDetailScreenType.swift */ = {isa = PBXFileReference; lastKnownFileType = sourcecode.swift; path = PullRequestDetailScreenType.swift; sourceTree = "<group>"; };
		46DED6AD29742D7B00406D2B /* PRCommitsView.swift */ = {isa = PBXFileReference; lastKnownFileType = sourcecode.swift; path = PRCommitsView.swift; sourceTree = "<group>"; };
		46DED6AF29742D9C00406D2B /* PRCommitsInteractor.swift */ = {isa = PBXFileReference; lastKnownFileType = sourcecode.swift; path = PRCommitsInteractor.swift; sourceTree = "<group>"; };
		46DED6B129742DAC00406D2B /* PRCommitsPresenter.swift */ = {isa = PBXFileReference; lastKnownFileType = sourcecode.swift; path = PRCommitsPresenter.swift; sourceTree = "<group>"; };
		46DED6B329742DB600406D2B /* PRCommit.swift */ = {isa = PBXFileReference; lastKnownFileType = sourcecode.swift; path = PRCommit.swift; sourceTree = "<group>"; };
		46DED6B529742DD600406D2B /* PRCommitViewModel.swift */ = {isa = PBXFileReference; lastKnownFileType = sourcecode.swift; path = PRCommitViewModel.swift; sourceTree = "<group>"; };
		46DED6B72974350D00406D2B /* PRCommitsController.swift */ = {isa = PBXFileReference; lastKnownFileType = sourcecode.swift; path = PRCommitsController.swift; sourceTree = "<group>"; };
		46DED6B92974351900406D2B /* PRCommitCell.swift */ = {isa = PBXFileReference; lastKnownFileType = sourcecode.swift; path = PRCommitCell.swift; sourceTree = "<group>"; };
		46DED6BE29745C4A00406D2B /* MockPullRequestInteractor.swift */ = {isa = PBXFileReference; lastKnownFileType = sourcecode.swift; path = MockPullRequestInteractor.swift; sourceTree = "<group>"; };
		46DED6C029745D0D00406D2B /* MockPullRequestData.swift */ = {isa = PBXFileReference; lastKnownFileType = sourcecode.swift; path = MockPullRequestData.swift; sourceTree = "<group>"; };
		46DED6C229745E8B00406D2B /* MockPullRequestWireframe.swift */ = {isa = PBXFileReference; lastKnownFileType = sourcecode.swift; path = MockPullRequestWireframe.swift; sourceTree = "<group>"; };
		46DED6C429745F3100406D2B /* MockPRDetailWireframe.swift */ = {isa = PBXFileReference; lastKnownFileType = sourcecode.swift; path = MockPRDetailWireframe.swift; sourceTree = "<group>"; };
		46DED6C629745F8700406D2B /* MockPRCommitsWireframe.swift */ = {isa = PBXFileReference; lastKnownFileType = sourcecode.swift; path = MockPRCommitsWireframe.swift; sourceTree = "<group>"; };
		46DED6C829745FDD00406D2B /* MockPRCommentsWireframe.swift */ = {isa = PBXFileReference; lastKnownFileType = sourcecode.swift; path = MockPRCommentsWireframe.swift; sourceTree = "<group>"; };
		46DED6CC2974691D00406D2B /* PRCommentsViewStateTests.swift */ = {isa = PBXFileReference; lastKnownFileType = sourcecode.swift; path = PRCommentsViewStateTests.swift; sourceTree = "<group>"; };
		46DED6CE2974697600406D2B /* MockCommentsData.swift */ = {isa = PBXFileReference; lastKnownFileType = sourcecode.swift; path = MockCommentsData.swift; sourceTree = "<group>"; };
		46DED6D02974698D00406D2B /* MockPRCommentsInteractor.swift */ = {isa = PBXFileReference; lastKnownFileType = sourcecode.swift; path = MockPRCommentsInteractor.swift; sourceTree = "<group>"; };
		46DED6D229746C9C00406D2B /* MockPullRequestViewModel.swift */ = {isa = PBXFileReference; lastKnownFileType = sourcecode.swift; path = MockPullRequestViewModel.swift; sourceTree = "<group>"; };
		46DED6D429746DA100406D2B /* PRCommitsViewStateTests.swift */ = {isa = PBXFileReference; lastKnownFileType = sourcecode.swift; path = PRCommitsViewStateTests.swift; sourceTree = "<group>"; };
		46DED6D629746DC600406D2B /* MockCommitsData.swift */ = {isa = PBXFileReference; lastKnownFileType = sourcecode.swift; path = MockCommitsData.swift; sourceTree = "<group>"; };
		46DED6D829746E1100406D2B /* MockPRCommitsInteractor.swift */ = {isa = PBXFileReference; lastKnownFileType = sourcecode.swift; path = MockPRCommitsInteractor.swift; sourceTree = "<group>"; };
		46DED6DA29746FAF00406D2B /* PaginationTests.swift */ = {isa = PBXFileReference; lastKnownFileType = sourcecode.swift; path = PaginationTests.swift; sourceTree = "<group>"; };
		46DED6DC2974727900406D2B /* NavigationTests.swift */ = {isa = PBXFileReference; lastKnownFileType = sourcecode.swift; path = NavigationTests.swift; sourceTree = "<group>"; };
		46DED6DE2974766C00406D2B /* MockPRContainerWireframe.swift */ = {isa = PBXFileReference; lastKnownFileType = sourcecode.swift; path = MockPRContainerWireframe.swift; sourceTree = "<group>"; };
		46DED6E12974808100406D2B /* MockGoodSession.swift */ = {isa = PBXFileReference; lastKnownFileType = sourcecode.swift; path = MockGoodSession.swift; sourceTree = "<group>"; };
		46DED6E32974809600406D2B /* MockBadSession.swift */ = {isa = PBXFileReference; lastKnownFileType = sourcecode.swift; path = MockBadSession.swift; sourceTree = "<group>"; };
		46DED6E52974811800406D2B /* MockAPIErrorSession.swift */ = {isa = PBXFileReference; lastKnownFileType = sourcecode.swift; path = MockAPIErrorSession.swift; sourceTree = "<group>"; };
		46DED6E72974817800406D2B /* MockBadStatusCodeSession.swift */ = {isa = PBXFileReference; lastKnownFileType = sourcecode.swift; path = MockBadStatusCodeSession.swift; sourceTree = "<group>"; };
		46DED6E92974819700406D2B /* MockRateLimitedSession.swift */ = {isa = PBXFileReference; lastKnownFileType = sourcecode.swift; path = MockRateLimitedSession.swift; sourceTree = "<group>"; };
		46DED6EE2974835400406D2B /* commits.json */ = {isa = PBXFileReference; fileEncoding = 4; lastKnownFileType = text.json; path = commits.json; sourceTree = "<group>"; };
		46DED6EF2974835400406D2B /* pulls.json */ = {isa = PBXFileReference; fileEncoding = 4; lastKnownFileType = text.json; path = pulls.json; sourceTree = "<group>"; };
		46DED6F02974835400406D2B /* comments.json */ = {isa = PBXFileReference; fileEncoding = 4; lastKnownFileType = text.json; path = comments.json; sourceTree = "<group>"; };
		46DED6F42974845D00406D2B /* MockJsonLoader.swift */ = {isa = PBXFileReference; lastKnownFileType = sourcecode.swift; path = MockJsonLoader.swift; sourceTree = "<group>"; };
		46DED6F62974861300406D2B /* MockDataTask.swift */ = {isa = PBXFileReference; lastKnownFileType = sourcecode.swift; path = MockDataTask.swift; sourceTree = "<group>"; };
		46DED6F82974868500406D2B /* MockResponseLoader.swift */ = {isa = PBXFileReference; lastKnownFileType = sourcecode.swift; path = MockResponseLoader.swift; sourceTree = "<group>"; };
		46DED6FA297487EE00406D2B /* MockErrorLoader.swift */ = {isa = PBXFileReference; lastKnownFileType = sourcecode.swift; path = MockErrorLoader.swift; sourceTree = "<group>"; };
		46DED6FD29748B4500406D2B /* PRNetworkingTests.swift */ = {isa = PBXFileReference; lastKnownFileType = sourcecode.swift; path = PRNetworkingTests.swift; sourceTree = "<group>"; };
		46DED6FF29748C5100406D2B /* MockReachibility.swift */ = {isa = PBXFileReference; lastKnownFileType = sourcecode.swift; path = MockReachibility.swift; sourceTree = "<group>"; };
		46DED7032974967100406D2B /* error.json */ = {isa = PBXFileReference; fileEncoding = 4; lastKnownFileType = text.json; path = error.json; sourceTree = "<group>"; };
		46DED70529749C4E00406D2B /* CommitsNetworkingTests.swift */ = {isa = PBXFileReference; lastKnownFileType = sourcecode.swift; path = CommitsNetworkingTests.swift; sourceTree = "<group>"; };
		46DED70729749EF700406D2B /* CommentsNetworkingTests.swift */ = {isa = PBXFileReference; lastKnownFileType = sourcecode.swift; path = CommentsNetworkingTests.swift; sourceTree = "<group>"; };
		46DED7092974A01700406D2B /* NoInternetTest.swift */ = {isa = PBXFileReference; lastKnownFileType = sourcecode.swift; path = NoInternetTest.swift; sourceTree = "<group>"; };
		46DED70B2974A3AA00406D2B /* ImageLoaderTests.swift */ = {isa = PBXFileReference; lastKnownFileType = sourcecode.swift; path = ImageLoaderTests.swift; sourceTree = "<group>"; };
		46DED70D2974A43A00406D2B /* github-logo.png */ = {isa = PBXFileReference; lastKnownFileType = image.png; path = "github-logo.png"; sourceTree = "<group>"; };
/* End PBXFileReference section */

/* Begin PBXFrameworksBuildPhase section */
		461C5368297278FF00A67FCA /* Frameworks */ = {
			isa = PBXFrameworksBuildPhase;
			buildActionMask = 2147483647;
			files = (
			);
			runOnlyForDeploymentPostprocessing = 0;
		};
		461C53812972790000A67FCA /* Frameworks */ = {
			isa = PBXFrameworksBuildPhase;
			buildActionMask = 2147483647;
			files = (
			);
			runOnlyForDeploymentPostprocessing = 0;
		};
/* End PBXFrameworksBuildPhase section */

/* Begin PBXGroup section */
		461C5362297278FF00A67FCA = {
			isa = PBXGroup;
			children = (
				461C536D297278FF00A67FCA /* GithubPRs */,
				461C53872972790000A67FCA /* GithubPRsTests */,
				461C536C297278FF00A67FCA /* Products */,
			);
			sourceTree = "<group>";
		};
		461C536C297278FF00A67FCA /* Products */ = {
			isa = PBXGroup;
			children = (
				461C536B297278FF00A67FCA /* GithubPRs.app */,
				461C53842972790000A67FCA /* GithubPRsTests.xctest */,
			);
			name = Products;
			sourceTree = "<group>";
		};
		461C536D297278FF00A67FCA /* GithubPRs */ = {
			isa = PBXGroup;
			children = (
				46DD5D15297301210066140D /* App */,
				46DD5BCE297297360066140D /* Common */,
				46DD5D022972DBF10066140D /* Depedencies */,
				46DD5BC7297296D40066140D /* Modules */,
			);
			path = GithubPRs;
			sourceTree = "<group>";
		};
		461C53872972790000A67FCA /* GithubPRsTests */ = {
			isa = PBXGroup;
			children = (
				46DED7142974A7DD00406D2B /* OtherTests */,
				46DED7132974A7CE00406D2B /* WireframeTests */,
				46DED7122974A7B900406D2B /* PresenterTests */,
				46DED7112974A79E00406D2B /* InteractorTests */,
				46DED6BD29745C3300406D2B /* Mocks */,
			);
			path = GithubPRsTests;
			sourceTree = "<group>";
		};
		46DD5BC7297296D40066140D /* Modules */ = {
			isa = PBXGroup;
			children = (
				46DD5BC8297296DB0066140D /* PullRequests */,
				46DD5BC9297296EC0066140D /* PullRequestDetail */,
			);
			path = Modules;
			sourceTree = "<group>";
		};
		46DD5BC8297296DB0066140D /* PullRequests */ = {
			isa = PBXGroup;
			children = (
				46DD5BD5297298180066140D /* ViewModel */,
				46DD5BD4297297D70066140D /* Wireframe */,
				46DD5BD3297297CE0066140D /* Interactor */,
				46DD5BD2297297C70066140D /* Presenter */,
				46DD5BD1297297BF0066140D /* Entity */,
				46DD5BD0297297BA0066140D /* View */,
			);
			path = PullRequests;
			sourceTree = "<group>";
		};
		46DD5BC9297296EC0066140D /* PullRequestDetail */ = {
			isa = PBXGroup;
			children = (
				46DD5BC12972964F0066140D /* PullRequestDetailWireframe.swift */,
				46DD5BCC297297180066140D /* PullRequestComments */,
				46DD5BCD297297240066140D /* PullRequestCommits */,
			);
			path = PullRequestDetail;
			sourceTree = "<group>";
		};
		46DD5BCC297297180066140D /* PullRequestComments */ = {
			isa = PBXGroup;
			children = (
				46DD5BD92972988A0066140D /* View */,
				46DD5BDB297298A40066140D /* Interactor */,
				46DD5BDA297298910066140D /* Presenter */,
				46DD5BD8297298840066140D /* Entity */,
				46DD5BD6297298760066140D /* Wireframe */,
				46DD5BD72972987D0066140D /* ViewModel */,
			);
			path = PullRequestComments;
			sourceTree = "<group>";
		};
		46DD5BCD297297240066140D /* PullRequestCommits */ = {
			isa = PBXGroup;
			children = (
				46DD5BDE297298D30066140D /* View */,
				46DD5BDC297298C90066140D /* Interactor */,
				46DD5BDD297298CE0066140D /* Presenter */,
				46DD5BE0297298DC0066140D /* Entity */,
				46DD5BE1297298E10066140D /* Wireframe */,
				46DD5BDF297298D70066140D /* ViewModel */,
			);
			path = PullRequestCommits;
			sourceTree = "<group>";
		};
		46DD5BCE297297360066140D /* Common */ = {
			isa = PBXGroup;
			children = (
				46DED6842973116400406D2B /* Image */,
				46DED6BC29745A2C00406D2B /* UI */,
				46DED67F2973102400406D2B /* Utility */,
				46DD5D162973014D0066140D /* API */,
				46DD5D102972EFBB0066140D /* Extensions */,
			);
			path = Common;
			sourceTree = "<group>";
		};
		46DD5BCF2972973C0066140D /* Wireframes */ = {
			isa = PBXGroup;
			children = (
				46DD5BBB29728D6A0066140D /* AppWireframe.swift */,
				46DD5BBD297290E90066140D /* TabBarWireframe.swift */,
			);
			path = Wireframes;
			sourceTree = "<group>";
		};
		46DD5BD0297297BA0066140D /* View */ = {
			isa = PBXGroup;
			children = (
				461C5372297278FF00A67FCA /* PullRequestsController.swift */,
				46DED67B29730F7600406D2B /* PullRequestView.swift */,
				46DED689297311C100406D2B /* PullRequestCell.swift */,
				46DED68B2973145B00406D2B /* PullRequestViewState.swift */,
			);
			path = View;
			sourceTree = "<group>";
		};
		46DD5BD1297297BF0066140D /* Entity */ = {
			isa = PBXGroup;
			children = (
				46DD5BEE2972B7940066140D /* User.swift */,
				46DD5BE92972A2530066140D /* PullRequest.swift */,
				46DD5BEB2972B7710066140D /* IssueLabel.swift */,
				46DD5BF02972B7CB0066140D /* Respository.swift */,
				46DD5BF22972B7E70066140D /* Milestone.swift */,
				46DD5BF42972B7FC0066140D /* License.swift */,
			);
			path = Entity;
			sourceTree = "<group>";
		};
		46DD5BD2297297C70066140D /* Presenter */ = {
			isa = PBXGroup;
			children = (
				46DED67D29730FA800406D2B /* PullRequestPresenter.swift */,
			);
			path = Presenter;
			sourceTree = "<group>";
		};
		46DD5BD3297297CE0066140D /* Interactor */ = {
			isa = PBXGroup;
			children = (
				46DD5D082972E9D60066140D /* PullRequestsInteractor.swift */,
			);
			path = Interactor;
			sourceTree = "<group>";
		};
		46DD5BD4297297D70066140D /* Wireframe */ = {
			isa = PBXGroup;
			children = (
				46DED69A2973E1A400406D2B /* PullRequestContainerWireframe.swift */,
				46DD5BBF297292540066140D /* PullRequestsWireframe.swift */,
				46DED6972973C7E800406D2B /* PullRequestScreenType.swift */,
			);
			path = Wireframe;
			sourceTree = "<group>";
		};
		46DD5BD5297298180066140D /* ViewModel */ = {
			isa = PBXGroup;
			children = (
				46DED6BB2974510700406D2B /* private */,
				46DD5BF62972B8380066140D /* PullRequestViewModel.swift */,
			);
			path = ViewModel;
			sourceTree = "<group>";
		};
		46DD5BD6297298760066140D /* Wireframe */ = {
			isa = PBXGroup;
			children = (
				46DD5BC52972968D0066140D /* PRCommentsWireframe.swift */,
				46DED6AB297409B400406D2B /* PullRequestDetailScreenType.swift */,
			);
			path = Wireframe;
			sourceTree = "<group>";
		};
		46DD5BD72972987D0066140D /* ViewModel */ = {
			isa = PBXGroup;
			children = (
				46DED6A72974047A00406D2B /* PRCommentViewModel.swift */,
			);
			path = ViewModel;
			sourceTree = "<group>";
		};
		46DD5BD8297298840066140D /* Entity */ = {
			isa = PBXGroup;
			children = (
				46DED6A4297402D100406D2B /* PRComment.swift */,
			);
			path = Entity;
			sourceTree = "<group>";
		};
		46DD5BD92972988A0066140D /* View */ = {
			isa = PBXGroup;
			children = (
				46DED6A02973F99200406D2B /* PRCommentsController.swift */,
				46DED6A22973F9A800406D2B /* PRCommentsView.swift */,
				46DED6A9297408AA00406D2B /* PRCommentCell.swift */,
			);
			path = View;
			sourceTree = "<group>";
		};
		46DD5BDA297298910066140D /* Presenter */ = {
			isa = PBXGroup;
			children = (
				46DED69E2973F96200406D2B /* PRCommentsPresenter.swift */,
			);
			path = Presenter;
			sourceTree = "<group>";
		};
		46DD5BDB297298A40066140D /* Interactor */ = {
			isa = PBXGroup;
			children = (
				46DED69C2973F94F00406D2B /* PRCommentsInteractor.swift */,
			);
			path = Interactor;
			sourceTree = "<group>";
		};
		46DD5BDC297298C90066140D /* Interactor */ = {
			isa = PBXGroup;
			children = (
				46DED6AF29742D9C00406D2B /* PRCommitsInteractor.swift */,
			);
			path = Interactor;
			sourceTree = "<group>";
		};
		46DD5BDD297298CE0066140D /* Presenter */ = {
			isa = PBXGroup;
			children = (
				46DED6B129742DAC00406D2B /* PRCommitsPresenter.swift */,
			);
			path = Presenter;
			sourceTree = "<group>";
		};
		46DD5BDE297298D30066140D /* View */ = {
			isa = PBXGroup;
			children = (
				46DED6AD29742D7B00406D2B /* PRCommitsView.swift */,
				46DED6B72974350D00406D2B /* PRCommitsController.swift */,
				46DED6B92974351900406D2B /* PRCommitCell.swift */,
			);
			path = View;
			sourceTree = "<group>";
		};
		46DD5BDF297298D70066140D /* ViewModel */ = {
			isa = PBXGroup;
			children = (
				46DED6B529742DD600406D2B /* PRCommitViewModel.swift */,
			);
			path = ViewModel;
			sourceTree = "<group>";
		};
		46DD5BE0297298DC0066140D /* Entity */ = {
			isa = PBXGroup;
			children = (
				46DED6B329742DB600406D2B /* PRCommit.swift */,
			);
			path = Entity;
			sourceTree = "<group>";
		};
		46DD5BE1297298E10066140D /* Wireframe */ = {
			isa = PBXGroup;
			children = (
				46DD5BC3297296800066140D /* PRCommitsWireframe.swift */,
			);
			path = Wireframe;
			sourceTree = "<group>";
		};
		46DD5C062972CE900066140D /* Networking */ = {
			isa = PBXGroup;
			children = (
				46DD5D072972DCED0066140D /* Request */,
				46DD5CFF2972DBBD0066140D /* Protocols */,
				46DD5C072972CEB50066140D /* NetworkManager.swift */,
				46DD5D032972DC1A0066140D /* NetworkingConstants.swift */,
				46DD5D052972DC590066140D /* NetworkError.swift */,
				46DD5D132972FF430066140D /* Reachability.swift */,
			);
			path = Networking;
			sourceTree = "<group>";
		};
		46DD5CFF2972DBBD0066140D /* Protocols */ = {
			isa = PBXGroup;
			children = (
				46DD5D002972DBCF0066140D /* URLSessionProtocol.swift */,
			);
			path = Protocols;
			sourceTree = "<group>";
		};
		46DD5D022972DBF10066140D /* Depedencies */ = {
			isa = PBXGroup;
			children = (
				46DD5C062972CE900066140D /* Networking */,
			);
			path = Depedencies;
			sourceTree = "<group>";
		};
		46DD5D072972DCED0066140D /* Request */ = {
			isa = PBXGroup;
			children = (
				46DD5C022972CB6F0066140D /* URL+Extension.swift */,
				46DD5C002972CB460066140D /* Request.swift */,
			);
			path = Request;
			sourceTree = "<group>";
		};
		46DD5D102972EFBB0066140D /* Extensions */ = {
			isa = PBXGroup;
			children = (
				46DD5D0E2972EFB60066140D /* UIColor+Extensions.swift */,
				46DED66F29730E7400406D2B /* UIView+Extensions.swift */,
				46DED67129730E9100406D2B /* Collections+Extensions.swift */,
				46DED67329730EB100406D2B /* UIViewControler+Extension.swift */,
			);
			path = Extensions;
			sourceTree = "<group>";
		};
		46DD5D15297301210066140D /* App */ = {
			isa = PBXGroup;
			children = (
				46DD5BCF2972973C0066140D /* Wireframes */,
				461C537A2972790000A67FCA /* Assets.xcassets */,
				461C537C2972790000A67FCA /* LaunchScreen.storyboard */,
				461C537F2972790000A67FCA /* Info.plist */,
				461C536E297278FF00A67FCA /* AppDelegate.swift */,
			);
			path = App;
			sourceTree = "<group>";
		};
		46DD5D162973014D0066140D /* API */ = {
			isa = PBXGroup;
			children = (
				46DD5C042972CDB30066140D /* GHError.swift */,
				46DD5D0A2972EA450066140D /* ErrorViewModel.swift */,
				46DD5D0C2972EBA50066140D /* JsonDecoder.swift */,
				46DD5D112972F3530066140D /* PageNumber.swift */,
				46DED68D297316D400406D2B /* Paginator.swift */,
			);
			path = API;
			sourceTree = "<group>";
		};
		46DED67F2973102400406D2B /* Utility */ = {
			isa = PBXGroup;
			children = (
				46DD5D172973069C0066140D /* Utils.swift */,
				46DED6802973104A00406D2B /* Observable.swift */,
			);
			path = Utility;
			sourceTree = "<group>";
		};
		46DED6842973116400406D2B /* Image */ = {
			isa = PBXGroup;
			children = (
				46DED6852973116C00406D2B /* ImageLoader.swift */,
				46DED6872973117300406D2B /* UIImageLoader.swift */,
			);
			path = Image;
			sourceTree = "<group>";
		};
		46DED6BB2974510700406D2B /* private */ = {
			isa = PBXGroup;
			children = (
				46DD5BFA2972BDF90066140D /* UserViewModel.swift */,
				46DD5BFD2972C0B30066140D /* TagViewModel.swift */,
				46DD5BF82972BDEA0066140D /* PullRequestState.swift */,
			);
			path = private;
			sourceTree = "<group>";
		};
		46DED6BC29745A2C00406D2B /* UI */ = {
			isa = PBXGroup;
			children = (
				46DED67529730EC400406D2B /* NiblessView.swift */,
				46DED67729730ED900406D2B /* NiblessViewController.swift */,
				46DED67929730EEC00406D2B /* ViewControllerContainment.swift */,
				46DED6932973399E00406D2B /* SegmentedViewController.swift */,
				46DED68F2973188D00406D2B /* MessageController.swift */,
				46DED691297318A900406D2B /* MessageView.swift */,
			);
			path = UI;
			sourceTree = "<group>";
		};
		46DED6BD29745C3300406D2B /* Mocks */ = {
			isa = PBXGroup;
			children = (
				46DED70F2974A73A00406D2B /* MockData */,
				46DED6E029747F5900406D2B /* MockSessions */,
				46DED6CB2974601A00406D2B /* MockInteractors */,
				46DED6CA2974601100406D2B /* MockWireframes */,
				46DED6FF29748C5100406D2B /* MockReachibility.swift */,
			);
			path = Mocks;
			sourceTree = "<group>";
		};
		46DED6CA2974601100406D2B /* MockWireframes */ = {
			isa = PBXGroup;
			children = (
				46DED6C229745E8B00406D2B /* MockPullRequestWireframe.swift */,
				46DED6C429745F3100406D2B /* MockPRDetailWireframe.swift */,
				46DED6C629745F8700406D2B /* MockPRCommitsWireframe.swift */,
				46DED6C829745FDD00406D2B /* MockPRCommentsWireframe.swift */,
				46DED6DE2974766C00406D2B /* MockPRContainerWireframe.swift */,
			);
			path = MockWireframes;
			sourceTree = "<group>";
		};
		46DED6CB2974601A00406D2B /* MockInteractors */ = {
			isa = PBXGroup;
			children = (
				46DED6BE29745C4A00406D2B /* MockPullRequestInteractor.swift */,
				46DED6D02974698D00406D2B /* MockPRCommentsInteractor.swift */,
				46DED6D829746E1100406D2B /* MockPRCommitsInteractor.swift */,
			);
			path = MockInteractors;
			sourceTree = "<group>";
		};
		46DED6E029747F5900406D2B /* MockSessions */ = {
			isa = PBXGroup;
			children = (
				46DED6ED2974833A00406D2B /* MockResponse */,
				46DED7102974A74C00406D2B /* MockLoaders */,
				46DED6E12974808100406D2B /* MockGoodSession.swift */,
				46DED6E32974809600406D2B /* MockBadSession.swift */,
				46DED6E52974811800406D2B /* MockAPIErrorSession.swift */,
				46DED6E72974817800406D2B /* MockBadStatusCodeSession.swift */,
				46DED6E92974819700406D2B /* MockRateLimitedSession.swift */,
				46DED6F62974861300406D2B /* MockDataTask.swift */,
			);
			path = MockSessions;
			sourceTree = "<group>";
		};
		46DED6ED2974833A00406D2B /* MockResponse */ = {
			isa = PBXGroup;
			children = (
				46DED70D2974A43A00406D2B /* github-logo.png */,
				46DED6F02974835400406D2B /* comments.json */,
				46DED6EE2974835400406D2B /* commits.json */,
				46DED7032974967100406D2B /* error.json */,
				46DED6EF2974835400406D2B /* pulls.json */,
			);
			path = MockResponse;
			sourceTree = "<group>";
		};
		46DED70F2974A73A00406D2B /* MockData */ = {
			isa = PBXGroup;
			children = (
				46DED6C029745D0D00406D2B /* MockPullRequestData.swift */,
				46DED6CE2974697600406D2B /* MockCommentsData.swift */,
				46DED6D229746C9C00406D2B /* MockPullRequestViewModel.swift */,
				46DED6D629746DC600406D2B /* MockCommitsData.swift */,
			);
			path = MockData;
			sourceTree = "<group>";
		};
		46DED7102974A74C00406D2B /* MockLoaders */ = {
			isa = PBXGroup;
			children = (
				46DED6F42974845D00406D2B /* MockJsonLoader.swift */,
				46DED6F82974868500406D2B /* MockResponseLoader.swift */,
				46DED6FA297487EE00406D2B /* MockErrorLoader.swift */,
			);
			path = MockLoaders;
			sourceTree = "<group>";
		};
		46DED7112974A79E00406D2B /* InteractorTests */ = {
			isa = PBXGroup;
			children = (
				46DED6FD29748B4500406D2B /* PRNetworkingTests.swift */,
				46DED70529749C4E00406D2B /* CommitsNetworkingTests.swift */,
				46DED70729749EF700406D2B /* CommentsNetworkingTests.swift */,
				46DED7092974A01700406D2B /* NoInternetTest.swift */,
			);
			path = InteractorTests;
			sourceTree = "<group>";
		};
		46DED7122974A7B900406D2B /* PresenterTests */ = {
			isa = PBXGroup;
			children = (
				461C53882972790000A67FCA /* PRsViewStateTests.swift */,
				46DED6CC2974691D00406D2B /* PRCommentsViewStateTests.swift */,
				46DED6D429746DA100406D2B /* PRCommitsViewStateTests.swift */,
			);
			path = PresenterTests;
			sourceTree = "<group>";
		};
		46DED7132974A7CE00406D2B /* WireframeTests */ = {
			isa = PBXGroup;
			children = (
				46DED6DC2974727900406D2B /* NavigationTests.swift */,
			);
			path = WireframeTests;
			sourceTree = "<group>";
		};
		46DED7142974A7DD00406D2B /* OtherTests */ = {
			isa = PBXGroup;
			children = (
				46DED6DA29746FAF00406D2B /* PaginationTests.swift */,
				46DED70B2974A3AA00406D2B /* ImageLoaderTests.swift */,
			);
			path = OtherTests;
			sourceTree = "<group>";
		};
/* End PBXGroup section */

/* Begin PBXNativeTarget section */
		461C536A297278FF00A67FCA /* GithubPRs */ = {
			isa = PBXNativeTarget;
			buildConfigurationList = 461C53982972790000A67FCA /* Build configuration list for PBXNativeTarget "GithubPRs" */;
			buildPhases = (
				461C5367297278FF00A67FCA /* Sources */,
				461C5368297278FF00A67FCA /* Frameworks */,
				461C5369297278FF00A67FCA /* Resources */,
			);
			buildRules = (
			);
			dependencies = (
			);
			name = GithubPRs;
			productName = GithubPRs;
			productReference = 461C536B297278FF00A67FCA /* GithubPRs.app */;
			productType = "com.apple.product-type.application";
		};
		461C53832972790000A67FCA /* GithubPRsTests */ = {
			isa = PBXNativeTarget;
			buildConfigurationList = 461C539B2972790000A67FCA /* Build configuration list for PBXNativeTarget "GithubPRsTests" */;
			buildPhases = (
				461C53802972790000A67FCA /* Sources */,
				461C53812972790000A67FCA /* Frameworks */,
				461C53822972790000A67FCA /* Resources */,
			);
			buildRules = (
			);
			dependencies = (
				461C53862972790000A67FCA /* PBXTargetDependency */,
			);
			name = GithubPRsTests;
			productName = GithubPRsTests;
			productReference = 461C53842972790000A67FCA /* GithubPRsTests.xctest */;
			productType = "com.apple.product-type.bundle.unit-test";
		};
/* End PBXNativeTarget section */

/* Begin PBXProject section */
		461C5363297278FF00A67FCA /* Project object */ = {
			isa = PBXProject;
			attributes = {
				BuildIndependentTargetsInParallel = 1;
				LastSwiftUpdateCheck = 1400;
				LastUpgradeCheck = 1400;
				TargetAttributes = {
					461C536A297278FF00A67FCA = {
						CreatedOnToolsVersion = 14.0.1;
					};
					461C53832972790000A67FCA = {
						CreatedOnToolsVersion = 14.0.1;
						TestTargetID = 461C536A297278FF00A67FCA;
					};
				};
			};
			buildConfigurationList = 461C5366297278FF00A67FCA /* Build configuration list for PBXProject "GithubPRs" */;
			compatibilityVersion = "Xcode 14.0";
			developmentRegion = en;
			hasScannedForEncodings = 0;
			knownRegions = (
				en,
				Base,
			);
			mainGroup = 461C5362297278FF00A67FCA;
			productRefGroup = 461C536C297278FF00A67FCA /* Products */;
			projectDirPath = "";
			projectRoot = "";
			targets = (
				461C536A297278FF00A67FCA /* GithubPRs */,
				461C53832972790000A67FCA /* GithubPRsTests */,
			);
		};
/* End PBXProject section */

/* Begin PBXResourcesBuildPhase section */
		461C5369297278FF00A67FCA /* Resources */ = {
			isa = PBXResourcesBuildPhase;
			buildActionMask = 2147483647;
			files = (
				461C537E2972790000A67FCA /* LaunchScreen.storyboard in Resources */,
				461C537B2972790000A67FCA /* Assets.xcassets in Resources */,
			);
			runOnlyForDeploymentPostprocessing = 0;
		};
		461C53822972790000A67FCA /* Resources */ = {
			isa = PBXResourcesBuildPhase;
			buildActionMask = 2147483647;
			files = (
				46DED7042974967100406D2B /* error.json in Resources */,
				46DED70E2974A43A00406D2B /* github-logo.png in Resources */,
				46DED6F22974835400406D2B /* pulls.json in Resources */,
				46DED6F12974835400406D2B /* commits.json in Resources */,
				46DED6F32974835400406D2B /* comments.json in Resources */,
			);
			runOnlyForDeploymentPostprocessing = 0;
		};
/* End PBXResourcesBuildPhase section */

/* Begin PBXSourcesBuildPhase section */
		461C5367297278FF00A67FCA /* Sources */ = {
			isa = PBXSourcesBuildPhase;
			buildActionMask = 2147483647;
			files = (
				46DD5C082972CEB50066140D /* NetworkManager.swift in Sources */,
				46DD5D0F2972EFB60066140D /* UIColor+Extensions.swift in Sources */,
				46DD5BC62972968D0066140D /* PRCommentsWireframe.swift in Sources */,
				46DD5BC4297296800066140D /* PRCommitsWireframe.swift in Sources */,
				46DD5BF52972B7FC0066140D /* License.swift in Sources */,
				46DD5D092972E9D60066140D /* PullRequestsInteractor.swift in Sources */,
				46DED67029730E7400406D2B /* UIView+Extensions.swift in Sources */,
				46DED6BA2974351900406D2B /* PRCommitCell.swift in Sources */,
				46DED6A12973F99200406D2B /* PRCommentsController.swift in Sources */,
				46DED69D2973F94F00406D2B /* PRCommentsInteractor.swift in Sources */,
				46DED68E297316D400406D2B /* Paginator.swift in Sources */,
				46DD5BBC29728D6A0066140D /* AppWireframe.swift in Sources */,
				461C5373297278FF00A67FCA /* PullRequestsController.swift in Sources */,
				46DED67229730E9100406D2B /* Collections+Extensions.swift in Sources */,
				46DED6812973104A00406D2B /* Observable.swift in Sources */,
				46DD5C032972CB6F0066140D /* URL+Extension.swift in Sources */,
				46DED6B029742D9C00406D2B /* PRCommitsInteractor.swift in Sources */,
				46DD5BF12972B7CB0066140D /* Respository.swift in Sources */,
				46DED68C2973145B00406D2B /* PullRequestViewState.swift in Sources */,
				46DD5D0B2972EA450066140D /* ErrorViewModel.swift in Sources */,
				46DD5D122972F3530066140D /* PageNumber.swift in Sources */,
				46DED6AA297408AA00406D2B /* PRCommentCell.swift in Sources */,
				46DD5BC22972964F0066140D /* PullRequestDetailWireframe.swift in Sources */,
				46DD5D0D2972EBA50066140D /* JsonDecoder.swift in Sources */,
				46DED6B629742DD600406D2B /* PRCommitViewModel.swift in Sources */,
				46DD5BFB2972BDF90066140D /* UserViewModel.swift in Sources */,
				46DED67C29730F7600406D2B /* PullRequestView.swift in Sources */,
				46DD5BF72972B8380066140D /* PullRequestViewModel.swift in Sources */,
				46DD5BF32972B7E70066140D /* Milestone.swift in Sources */,
				46DED67829730ED900406D2B /* NiblessViewController.swift in Sources */,
				46DD5D012972DBCF0066140D /* URLSessionProtocol.swift in Sources */,
				46DED6B82974350D00406D2B /* PRCommitsController.swift in Sources */,
				46DED67629730EC400406D2B /* NiblessView.swift in Sources */,
				46DD5BEC2972B7710066140D /* IssueLabel.swift in Sources */,
				46DED6A5297402D100406D2B /* PRComment.swift in Sources */,
				46DED67E29730FA800406D2B /* PullRequestPresenter.swift in Sources */,
				46DD5BF92972BDEA0066140D /* PullRequestState.swift in Sources */,
				46DD5BEA2972A2530066140D /* PullRequest.swift in Sources */,
				46DED6862973116C00406D2B /* ImageLoader.swift in Sources */,
				461C536F297278FF00A67FCA /* AppDelegate.swift in Sources */,
				46DED6B229742DAC00406D2B /* PRCommitsPresenter.swift in Sources */,
				46DED692297318A900406D2B /* MessageView.swift in Sources */,
				46DD5BEF2972B7950066140D /* User.swift in Sources */,
				46DED6B429742DB600406D2B /* PRCommit.swift in Sources */,
				46DED6AE29742D7B00406D2B /* PRCommitsView.swift in Sources */,
				46DED68A297311C100406D2B /* PullRequestCell.swift in Sources */,
				46DD5BBE297290E90066140D /* TabBarWireframe.swift in Sources */,
				46DD5C012972CB460066140D /* Request.swift in Sources */,
				46DD5D042972DC1A0066140D /* NetworkingConstants.swift in Sources */,
				46DD5BC0297292540066140D /* PullRequestsWireframe.swift in Sources */,
				46DD5D142972FF430066140D /* Reachability.swift in Sources */,
				46DED6AC297409B400406D2B /* PullRequestDetailScreenType.swift in Sources */,
				46DED6A82974047A00406D2B /* PRCommentViewModel.swift in Sources */,
				46DED6982973C7E800406D2B /* PullRequestScreenType.swift in Sources */,
				46DED6902973188D00406D2B /* MessageController.swift in Sources */,
				46DED69F2973F96200406D2B /* PRCommentsPresenter.swift in Sources */,
				46DED69B2973E1A400406D2B /* PullRequestContainerWireframe.swift in Sources */,
				46DD5D182973069C0066140D /* Utils.swift in Sources */,
				46DED6882973117300406D2B /* UIImageLoader.swift in Sources */,
				46DED6942973399E00406D2B /* SegmentedViewController.swift in Sources */,
				46DED6A32973F9A800406D2B /* PRCommentsView.swift in Sources */,
				46DED67A29730EEC00406D2B /* ViewControllerContainment.swift in Sources */,
				46DD5D062972DC590066140D /* NetworkError.swift in Sources */,
				46DD5BFE2972C0B30066140D /* TagViewModel.swift in Sources */,
				46DD5C052972CDB30066140D /* GHError.swift in Sources */,
				46DED67429730EB100406D2B /* UIViewControler+Extension.swift in Sources */,
			);
			runOnlyForDeploymentPostprocessing = 0;
		};
		461C53802972790000A67FCA /* Sources */ = {
			isa = PBXSourcesBuildPhase;
			buildActionMask = 2147483647;
			files = (
				46DED6CD2974691D00406D2B /* PRCommentsViewStateTests.swift in Sources */,
				46DED6CF2974697600406D2B /* MockCommentsData.swift in Sources */,
				46DED6F92974868500406D2B /* MockResponseLoader.swift in Sources */,
				461C53892972790000A67FCA /* PRsViewStateTests.swift in Sources */,
				46DED6FE29748B4500406D2B /* PRNetworkingTests.swift in Sources */,
				46DED6DD2974727900406D2B /* NavigationTests.swift in Sources */,
				46DED6F72974861300406D2B /* MockDataTask.swift in Sources */,
				46DED70829749EF700406D2B /* CommentsNetworkingTests.swift in Sources */,
				46DED6C929745FDD00406D2B /* MockPRCommentsWireframe.swift in Sources */,
				46DED6D12974698D00406D2B /* MockPRCommentsInteractor.swift in Sources */,
				46DED6E62974811800406D2B /* MockAPIErrorSession.swift in Sources */,
				46DED6E82974817800406D2B /* MockBadStatusCodeSession.swift in Sources */,
				46DED6D529746DA100406D2B /* PRCommitsViewStateTests.swift in Sources */,
				46DED6BF29745C4A00406D2B /* MockPullRequestInteractor.swift in Sources */,
				46DED6C129745D0D00406D2B /* MockPullRequestData.swift in Sources */,
				46DED6C329745E8B00406D2B /* MockPullRequestWireframe.swift in Sources */,
				46DED6EA2974819700406D2B /* MockRateLimitedSession.swift in Sources */,
				46DED6FB297487EE00406D2B /* MockErrorLoader.swift in Sources */,
				46DED6D929746E1100406D2B /* MockPRCommitsInteractor.swift in Sources */,
				46DED6F52974845D00406D2B /* MockJsonLoader.swift in Sources */,
				46DED6C529745F3100406D2B /* MockPRDetailWireframe.swift in Sources */,
				46DED70029748C5100406D2B /* MockReachibility.swift in Sources */,
				46DED6DB29746FB000406D2B /* PaginationTests.swift in Sources */,
				46DED6DF2974766C00406D2B /* MockPRContainerWireframe.swift in Sources */,
				46DED6D729746DC600406D2B /* MockCommitsData.swift in Sources */,
				46DED6E22974808100406D2B /* MockGoodSession.swift in Sources */,
				46DED70629749C4E00406D2B /* CommitsNetworkingTests.swift in Sources */,
				46DED6C729745F8700406D2B /* MockPRCommitsWireframe.swift in Sources */,
				46DED6D329746C9C00406D2B /* MockPullRequestViewModel.swift in Sources */,
				46DED6E42974809600406D2B /* MockBadSession.swift in Sources */,
				46DED70C2974A3AA00406D2B /* ImageLoaderTests.swift in Sources */,
				46DED70A2974A01700406D2B /* NoInternetTest.swift in Sources */,
			);
			runOnlyForDeploymentPostprocessing = 0;
		};
/* End PBXSourcesBuildPhase section */

/* Begin PBXTargetDependency section */
		461C53862972790000A67FCA /* PBXTargetDependency */ = {
			isa = PBXTargetDependency;
			target = 461C536A297278FF00A67FCA /* GithubPRs */;
			targetProxy = 461C53852972790000A67FCA /* PBXContainerItemProxy */;
		};
/* End PBXTargetDependency section */

/* Begin PBXVariantGroup section */
		461C537C2972790000A67FCA /* LaunchScreen.storyboard */ = {
			isa = PBXVariantGroup;
			children = (
				461C537D2972790000A67FCA /* Base */,
			);
			name = LaunchScreen.storyboard;
			sourceTree = "<group>";
		};
/* End PBXVariantGroup section */

/* Begin XCBuildConfiguration section */
		461C53962972790000A67FCA /* Debug */ = {
			isa = XCBuildConfiguration;
			buildSettings = {
				ALWAYS_SEARCH_USER_PATHS = NO;
				CLANG_ANALYZER_NONNULL = YES;
				CLANG_ANALYZER_NUMBER_OBJECT_CONVERSION = YES_AGGRESSIVE;
				CLANG_CXX_LANGUAGE_STANDARD = "gnu++20";
				CLANG_ENABLE_MODULES = YES;
				CLANG_ENABLE_OBJC_ARC = YES;
				CLANG_ENABLE_OBJC_WEAK = YES;
				CLANG_WARN_BLOCK_CAPTURE_AUTORELEASING = YES;
				CLANG_WARN_BOOL_CONVERSION = YES;
				CLANG_WARN_COMMA = YES;
				CLANG_WARN_CONSTANT_CONVERSION = YES;
				CLANG_WARN_DEPRECATED_OBJC_IMPLEMENTATIONS = YES;
				CLANG_WARN_DIRECT_OBJC_ISA_USAGE = YES_ERROR;
				CLANG_WARN_DOCUMENTATION_COMMENTS = YES;
				CLANG_WARN_EMPTY_BODY = YES;
				CLANG_WARN_ENUM_CONVERSION = YES;
				CLANG_WARN_INFINITE_RECURSION = YES;
				CLANG_WARN_INT_CONVERSION = YES;
				CLANG_WARN_NON_LITERAL_NULL_CONVERSION = YES;
				CLANG_WARN_OBJC_IMPLICIT_RETAIN_SELF = YES;
				CLANG_WARN_OBJC_LITERAL_CONVERSION = YES;
				CLANG_WARN_OBJC_ROOT_CLASS = YES_ERROR;
				CLANG_WARN_QUOTED_INCLUDE_IN_FRAMEWORK_HEADER = YES;
				CLANG_WARN_RANGE_LOOP_ANALYSIS = YES;
				CLANG_WARN_STRICT_PROTOTYPES = YES;
				CLANG_WARN_SUSPICIOUS_MOVE = YES;
				CLANG_WARN_UNGUARDED_AVAILABILITY = YES_AGGRESSIVE;
				CLANG_WARN_UNREACHABLE_CODE = YES;
				CLANG_WARN__DUPLICATE_METHOD_MATCH = YES;
				COPY_PHASE_STRIP = NO;
				DEBUG_INFORMATION_FORMAT = dwarf;
				ENABLE_STRICT_OBJC_MSGSEND = YES;
				ENABLE_TESTABILITY = YES;
				GCC_C_LANGUAGE_STANDARD = gnu11;
				GCC_DYNAMIC_NO_PIC = NO;
				GCC_NO_COMMON_BLOCKS = YES;
				GCC_OPTIMIZATION_LEVEL = 0;
				GCC_PREPROCESSOR_DEFINITIONS = (
					"DEBUG=1",
					"$(inherited)",
				);
				GCC_WARN_64_TO_32_BIT_CONVERSION = YES;
				GCC_WARN_ABOUT_RETURN_TYPE = YES_ERROR;
				GCC_WARN_UNDECLARED_SELECTOR = YES;
				GCC_WARN_UNINITIALIZED_AUTOS = YES_AGGRESSIVE;
				GCC_WARN_UNUSED_FUNCTION = YES;
				GCC_WARN_UNUSED_VARIABLE = YES;
				IPHONEOS_DEPLOYMENT_TARGET = 13.0;
				MTL_ENABLE_DEBUG_INFO = INCLUDE_SOURCE;
				MTL_FAST_MATH = YES;
				ONLY_ACTIVE_ARCH = YES;
				SDKROOT = iphoneos;
				SWIFT_ACTIVE_COMPILATION_CONDITIONS = DEBUG;
				SWIFT_OPTIMIZATION_LEVEL = "-Onone";
			};
			name = Debug;
		};
		461C53972972790000A67FCA /* Release */ = {
			isa = XCBuildConfiguration;
			buildSettings = {
				ALWAYS_SEARCH_USER_PATHS = NO;
				CLANG_ANALYZER_NONNULL = YES;
				CLANG_ANALYZER_NUMBER_OBJECT_CONVERSION = YES_AGGRESSIVE;
				CLANG_CXX_LANGUAGE_STANDARD = "gnu++20";
				CLANG_ENABLE_MODULES = YES;
				CLANG_ENABLE_OBJC_ARC = YES;
				CLANG_ENABLE_OBJC_WEAK = YES;
				CLANG_WARN_BLOCK_CAPTURE_AUTORELEASING = YES;
				CLANG_WARN_BOOL_CONVERSION = YES;
				CLANG_WARN_COMMA = YES;
				CLANG_WARN_CONSTANT_CONVERSION = YES;
				CLANG_WARN_DEPRECATED_OBJC_IMPLEMENTATIONS = YES;
				CLANG_WARN_DIRECT_OBJC_ISA_USAGE = YES_ERROR;
				CLANG_WARN_DOCUMENTATION_COMMENTS = YES;
				CLANG_WARN_EMPTY_BODY = YES;
				CLANG_WARN_ENUM_CONVERSION = YES;
				CLANG_WARN_INFINITE_RECURSION = YES;
				CLANG_WARN_INT_CONVERSION = YES;
				CLANG_WARN_NON_LITERAL_NULL_CONVERSION = YES;
				CLANG_WARN_OBJC_IMPLICIT_RETAIN_SELF = YES;
				CLANG_WARN_OBJC_LITERAL_CONVERSION = YES;
				CLANG_WARN_OBJC_ROOT_CLASS = YES_ERROR;
				CLANG_WARN_QUOTED_INCLUDE_IN_FRAMEWORK_HEADER = YES;
				CLANG_WARN_RANGE_LOOP_ANALYSIS = YES;
				CLANG_WARN_STRICT_PROTOTYPES = YES;
				CLANG_WARN_SUSPICIOUS_MOVE = YES;
				CLANG_WARN_UNGUARDED_AVAILABILITY = YES_AGGRESSIVE;
				CLANG_WARN_UNREACHABLE_CODE = YES;
				CLANG_WARN__DUPLICATE_METHOD_MATCH = YES;
				COPY_PHASE_STRIP = NO;
				DEBUG_INFORMATION_FORMAT = "dwarf-with-dsym";
				ENABLE_NS_ASSERTIONS = NO;
				ENABLE_STRICT_OBJC_MSGSEND = YES;
				GCC_C_LANGUAGE_STANDARD = gnu11;
				GCC_NO_COMMON_BLOCKS = YES;
				GCC_WARN_64_TO_32_BIT_CONVERSION = YES;
				GCC_WARN_ABOUT_RETURN_TYPE = YES_ERROR;
				GCC_WARN_UNDECLARED_SELECTOR = YES;
				GCC_WARN_UNINITIALIZED_AUTOS = YES_AGGRESSIVE;
				GCC_WARN_UNUSED_FUNCTION = YES;
				GCC_WARN_UNUSED_VARIABLE = YES;
				IPHONEOS_DEPLOYMENT_TARGET = 13.0;
				MTL_ENABLE_DEBUG_INFO = NO;
				MTL_FAST_MATH = YES;
				SDKROOT = iphoneos;
				SWIFT_COMPILATION_MODE = wholemodule;
				SWIFT_OPTIMIZATION_LEVEL = "-O";
				VALIDATE_PRODUCT = YES;
			};
			name = Release;
		};
		461C53992972790000A67FCA /* Debug */ = {
			isa = XCBuildConfiguration;
			buildSettings = {
				ASSETCATALOG_COMPILER_APPICON_NAME = AppIcon;
				ASSETCATALOG_COMPILER_GLOBAL_ACCENT_COLOR_NAME = AccentColor;
				CODE_SIGN_STYLE = Automatic;
				CURRENT_PROJECT_VERSION = 1;
				GENERATE_INFOPLIST_FILE = YES;
				INFOPLIST_FILE = GithubPRs/App/Info.plist;
				INFOPLIST_KEY_UIApplicationSupportsIndirectInputEvents = YES;
				INFOPLIST_KEY_UILaunchStoryboardName = LaunchScreen;
				INFOPLIST_KEY_UISupportedInterfaceOrientations_iPad = "UIInterfaceOrientationPortrait UIInterfaceOrientationPortraitUpsideDown UIInterfaceOrientationLandscapeLeft UIInterfaceOrientationLandscapeRight";
				INFOPLIST_KEY_UISupportedInterfaceOrientations_iPhone = "UIInterfaceOrientationPortrait UIInterfaceOrientationLandscapeLeft UIInterfaceOrientationLandscapeRight";
				IPHONEOS_DEPLOYMENT_TARGET = 13.0;
				LD_RUNPATH_SEARCH_PATHS = (
					"$(inherited)",
					"@executable_path/Frameworks",
				);
				MARKETING_VERSION = 1.0;
				PRODUCT_BUNDLE_IDENTIFIER = md.GithubPRs;
				PRODUCT_NAME = "$(TARGET_NAME)";
				SWIFT_EMIT_LOC_STRINGS = YES;
				SWIFT_VERSION = 5.0;
				TARGETED_DEVICE_FAMILY = "1,2";
			};
			name = Debug;
		};
		461C539A2972790000A67FCA /* Release */ = {
			isa = XCBuildConfiguration;
			buildSettings = {
				ASSETCATALOG_COMPILER_APPICON_NAME = AppIcon;
				ASSETCATALOG_COMPILER_GLOBAL_ACCENT_COLOR_NAME = AccentColor;
				CODE_SIGN_STYLE = Automatic;
				CURRENT_PROJECT_VERSION = 1;
				GENERATE_INFOPLIST_FILE = YES;
				INFOPLIST_FILE = GithubPRs/App/Info.plist;
				INFOPLIST_KEY_UIApplicationSupportsIndirectInputEvents = YES;
				INFOPLIST_KEY_UILaunchStoryboardName = LaunchScreen;
				INFOPLIST_KEY_UISupportedInterfaceOrientations_iPad = "UIInterfaceOrientationPortrait UIInterfaceOrientationPortraitUpsideDown UIInterfaceOrientationLandscapeLeft UIInterfaceOrientationLandscapeRight";
				INFOPLIST_KEY_UISupportedInterfaceOrientations_iPhone = "UIInterfaceOrientationPortrait UIInterfaceOrientationLandscapeLeft UIInterfaceOrientationLandscapeRight";
				IPHONEOS_DEPLOYMENT_TARGET = 13.0;
				LD_RUNPATH_SEARCH_PATHS = (
					"$(inherited)",
					"@executable_path/Frameworks",
				);
				MARKETING_VERSION = 1.0;
				PRODUCT_BUNDLE_IDENTIFIER = md.GithubPRs;
				PRODUCT_NAME = "$(TARGET_NAME)";
				SWIFT_EMIT_LOC_STRINGS = YES;
				SWIFT_VERSION = 5.0;
				TARGETED_DEVICE_FAMILY = "1,2";
			};
			name = Release;
		};
		461C539C2972790000A67FCA /* Debug */ = {
			isa = XCBuildConfiguration;
			buildSettings = {
				ALWAYS_EMBED_SWIFT_STANDARD_LIBRARIES = YES;
				BUNDLE_LOADER = "$(TEST_HOST)";
				CODE_SIGN_STYLE = Automatic;
				CURRENT_PROJECT_VERSION = 1;
				GENERATE_INFOPLIST_FILE = YES;
				IPHONEOS_DEPLOYMENT_TARGET = 13.0;
				MARKETING_VERSION = 1.0;
				PRODUCT_BUNDLE_IDENTIFIER = md.GithubPRsTests;
				PRODUCT_NAME = "$(TARGET_NAME)";
				SWIFT_EMIT_LOC_STRINGS = NO;
				SWIFT_VERSION = 5.0;
				TARGETED_DEVICE_FAMILY = "1,2";
				TEST_HOST = "$(BUILT_PRODUCTS_DIR)/GithubPRs.app/$(BUNDLE_EXECUTABLE_FOLDER_PATH)/GithubPRs";
			};
			name = Debug;
		};
		461C539D2972790000A67FCA /* Release */ = {
			isa = XCBuildConfiguration;
			buildSettings = {
				ALWAYS_EMBED_SWIFT_STANDARD_LIBRARIES = YES;
				BUNDLE_LOADER = "$(TEST_HOST)";
				CODE_SIGN_STYLE = Automatic;
				CURRENT_PROJECT_VERSION = 1;
				GENERATE_INFOPLIST_FILE = YES;
				IPHONEOS_DEPLOYMENT_TARGET = 13.0;
				MARKETING_VERSION = 1.0;
				PRODUCT_BUNDLE_IDENTIFIER = md.GithubPRsTests;
				PRODUCT_NAME = "$(TARGET_NAME)";
				SWIFT_EMIT_LOC_STRINGS = NO;
				SWIFT_VERSION = 5.0;
				TARGETED_DEVICE_FAMILY = "1,2";
				TEST_HOST = "$(BUILT_PRODUCTS_DIR)/GithubPRs.app/$(BUNDLE_EXECUTABLE_FOLDER_PATH)/GithubPRs";
			};
			name = Release;
		};
/* End XCBuildConfiguration section */

/* Begin XCConfigurationList section */
		461C5366297278FF00A67FCA /* Build configuration list for PBXProject "GithubPRs" */ = {
			isa = XCConfigurationList;
			buildConfigurations = (
				461C53962972790000A67FCA /* Debug */,
				461C53972972790000A67FCA /* Release */,
			);
			defaultConfigurationIsVisible = 0;
			defaultConfigurationName = Release;
		};
		461C53982972790000A67FCA /* Build configuration list for PBXNativeTarget "GithubPRs" */ = {
			isa = XCConfigurationList;
			buildConfigurations = (
				461C53992972790000A67FCA /* Debug */,
				461C539A2972790000A67FCA /* Release */,
			);
			defaultConfigurationIsVisible = 0;
			defaultConfigurationName = Release;
		};
		461C539B2972790000A67FCA /* Build configuration list for PBXNativeTarget "GithubPRsTests" */ = {
			isa = XCConfigurationList;
			buildConfigurations = (
				461C539C2972790000A67FCA /* Debug */,
				461C539D2972790000A67FCA /* Release */,
			);
			defaultConfigurationIsVisible = 0;
			defaultConfigurationName = Release;
		};
/* End XCConfigurationList section */
	};
	rootObject = 461C5363297278FF00A67FCA /* Project object */;
}
